// !$*UTF8*$!
{
	archiveVersion = 1;
	classes = {
	};
	objectVersion = 51;
	objects = {

/* Begin PBXBuildFile section */
		66A87D108D8A3943240AC1F8 /* Pods_DKPlayer.framework in Frameworks */ = {isa = PBXBuildFile; fileRef = 6F1E47485B15DC85096BD4B7 /* Pods_DKPlayer.framework */; };
		AAFFB82324FD1A430081A2B9 /* AppDelegate.m in Sources */ = {isa = PBXBuildFile; fileRef = AAFFB82224FD1A430081A2B9 /* AppDelegate.m */; };
		AAFFB82924FD1A430081A2B9 /* ViewController.m in Sources */ = {isa = PBXBuildFile; fileRef = AAFFB82824FD1A430081A2B9 /* ViewController.m */; };
		AAFFB82C24FD1A430081A2B9 /* Main.storyboard in Resources */ = {isa = PBXBuildFile; fileRef = AAFFB82A24FD1A430081A2B9 /* Main.storyboard */; };
		AAFFB82E24FD1A440081A2B9 /* Assets.xcassets in Resources */ = {isa = PBXBuildFile; fileRef = AAFFB82D24FD1A440081A2B9 /* Assets.xcassets */; };
		AAFFB83124FD1A440081A2B9 /* LaunchScreen.storyboard in Resources */ = {isa = PBXBuildFile; fileRef = AAFFB82F24FD1A440081A2B9 /* LaunchScreen.storyboard */; };
		AAFFB83424FD1A440081A2B9 /* main.m in Sources */ = {isa = PBXBuildFile; fileRef = AAFFB83324FD1A440081A2B9 /* main.m */; };
		AAFFB83E24FD1A450081A2B9 /* DKPlayerTests.m in Sources */ = {isa = PBXBuildFile; fileRef = AAFFB83D24FD1A450081A2B9 /* DKPlayerTests.m */; };
		AAFFB84924FD1A450081A2B9 /* DKPlayerUITests.m in Sources */ = {isa = PBXBuildFile; fileRef = AAFFB84824FD1A450081A2B9 /* DKPlayerUITests.m */; };
		AAFFB90224FD1AA60081A2B9 /* libswscale.pc in Resources */ = {isa = PBXBuildFile; fileRef = AAFFB8D624FD1AA60081A2B9 /* libswscale.pc */; };
		AAFFB90324FD1AA60081A2B9 /* libswresample.pc in Resources */ = {isa = PBXBuildFile; fileRef = AAFFB8D724FD1AA60081A2B9 /* libswresample.pc */; };
		AAFFB90424FD1AA60081A2B9 /* libavdevice.pc in Resources */ = {isa = PBXBuildFile; fileRef = AAFFB8D824FD1AA60081A2B9 /* libavdevice.pc */; };
		AAFFB90524FD1AA60081A2B9 /* libavcodec.pc in Resources */ = {isa = PBXBuildFile; fileRef = AAFFB8D924FD1AA60081A2B9 /* libavcodec.pc */; };
		AAFFB90624FD1AA60081A2B9 /* libavformat.pc in Resources */ = {isa = PBXBuildFile; fileRef = AAFFB8DA24FD1AA60081A2B9 /* libavformat.pc */; };
		AAFFB90724FD1AA60081A2B9 /* libavutil.pc in Resources */ = {isa = PBXBuildFile; fileRef = AAFFB8DB24FD1AA60081A2B9 /* libavutil.pc */; };
		AAFFB90824FD1AA60081A2B9 /* libavfilter.pc in Resources */ = {isa = PBXBuildFile; fileRef = AAFFB8DC24FD1AA60081A2B9 /* libavfilter.pc */; };
		AAFFB90924FD1AA60081A2B9 /* libpostproc.pc in Resources */ = {isa = PBXBuildFile; fileRef = AAFFB8DD24FD1AA60081A2B9 /* libpostproc.pc */; };
		AAFFB90A24FD1AA60081A2B9 /* libavutil.a in Frameworks */ = {isa = PBXBuildFile; fileRef = AAFFB8DE24FD1AA60081A2B9 /* libavutil.a */; };
		AAFFB90B24FD1AA60081A2B9 /* libavfilter.a in Frameworks */ = {isa = PBXBuildFile; fileRef = AAFFB8DF24FD1AA60081A2B9 /* libavfilter.a */; };
		AAFFB90C24FD1AA60081A2B9 /* libavcodec.a in Frameworks */ = {isa = PBXBuildFile; fileRef = AAFFB8E024FD1AA60081A2B9 /* libavcodec.a */; };
		AAFFB90D24FD1AA60081A2B9 /* libpostproc.a in Frameworks */ = {isa = PBXBuildFile; fileRef = AAFFB8E124FD1AA60081A2B9 /* libpostproc.a */; };
		AAFFB90E24FD1AA60081A2B9 /* libavformat.a in Frameworks */ = {isa = PBXBuildFile; fileRef = AAFFB8E224FD1AA60081A2B9 /* libavformat.a */; };
		AAFFB90F24FD1AA60081A2B9 /* libavdevice.a in Frameworks */ = {isa = PBXBuildFile; fileRef = AAFFB8E324FD1AA60081A2B9 /* libavdevice.a */; };
		AAFFB91024FD1AA60081A2B9 /* libswresample.a in Frameworks */ = {isa = PBXBuildFile; fileRef = AAFFB8E424FD1AA60081A2B9 /* libswresample.a */; };
		AAFFB91124FD1AA70081A2B9 /* libswscale.a in Frameworks */ = {isa = PBXBuildFile; fileRef = AAFFB8E524FD1AA60081A2B9 /* libswscale.a */; };
		D6579F3D24FE23B700ED1C9F /* DKPromise+Retry.m in Sources */ = {isa = PBXBuildFile; fileRef = D6579F2624FE23B700ED1C9F /* DKPromise+Retry.m */; };
		D6579F3E24FE23B700ED1C9F /* DKPromise+Delay.m in Sources */ = {isa = PBXBuildFile; fileRef = D6579F2924FE23B700ED1C9F /* DKPromise+Delay.m */; };
		D6579F3F24FE23B700ED1C9F /* DKPromise+Timeout.m in Sources */ = {isa = PBXBuildFile; fileRef = D6579F2B24FE23B700ED1C9F /* DKPromise+Timeout.m */; };
		D6579F4024FE23B700ED1C9F /* DKPromise+Always.m in Sources */ = {isa = PBXBuildFile; fileRef = D6579F2C24FE23B700ED1C9F /* DKPromise+Always.m */; };
		D6579F4124FE23B700ED1C9F /* DKPromise+All.m in Sources */ = {isa = PBXBuildFile; fileRef = D6579F2E24FE23B700ED1C9F /* DKPromise+All.m */; };
		D6579F4224FE23B700ED1C9F /* DKPromise+Async.m in Sources */ = {isa = PBXBuildFile; fileRef = D6579F2F24FE23B700ED1C9F /* DKPromise+Async.m */; };
		D6579F4324FE23B700ED1C9F /* DKPromise+Then.m in Sources */ = {isa = PBXBuildFile; fileRef = D6579F3024FE23B700ED1C9F /* DKPromise+Then.m */; };
		D6579F4424FE23B700ED1C9F /* DKPromise+Catch.m in Sources */ = {isa = PBXBuildFile; fileRef = D6579F3124FE23B700ED1C9F /* DKPromise+Catch.m */; };
		D6579F4524FE23B700ED1C9F /* DKPromise+Do.m in Sources */ = {isa = PBXBuildFile; fileRef = D6579F3424FE23B700ED1C9F /* DKPromise+Do.m */; };
		D6579F4624FE23B700ED1C9F /* DKPromise.m in Sources */ = {isa = PBXBuildFile; fileRef = D6579F3724FE23B700ED1C9F /* DKPromise.m */; };
		D6579F4724FE23B700ED1C9F /* DKPromise+Any.m in Sources */ = {isa = PBXBuildFile; fileRef = D6579F3824FE23B700ED1C9F /* DKPromise+Any.m */; };
		D665CECF250B2233007D98D5 /* WDZCallStackModel.m in Sources */ = {isa = PBXBuildFile; fileRef = D665CEBB250B2233007D98D5 /* WDZCallStackModel.m */; };
		D665CED0250B2233007D98D5 /* WDZCallDB.m in Sources */ = {isa = PBXBuildFile; fileRef = D665CEBD250B2233007D98D5 /* WDZCallDB.m */; };
		D665CED1250B2233007D98D5 /* WDZCPUMonitor.m in Sources */ = {isa = PBXBuildFile; fileRef = D665CEBF250B2233007D98D5 /* WDZCPUMonitor.m */; };
		D665CED2250B2233007D98D5 /* WDZCallTraceTimeCostModel.m in Sources */ = {isa = PBXBuildFile; fileRef = D665CEC0250B2233007D98D5 /* WDZCallTraceTimeCostModel.m */; };
		D665CED3250B2233007D98D5 /* fishhook.c in Sources */ = {isa = PBXBuildFile; fileRef = D665CEC1250B2233007D98D5 /* fishhook.c */; };
		D665CED4250B2233007D98D5 /* WDZCallTraceCore.c in Sources */ = {isa = PBXBuildFile; fileRef = D665CEC4250B2233007D98D5 /* WDZCallTraceCore.c */; };
		D665CED5250B2233007D98D5 /* WDZCallLib.m in Sources */ = {isa = PBXBuildFile; fileRef = D665CEC6250B2233007D98D5 /* WDZCallLib.m */; };
		D665CED6250B2233007D98D5 /* WDZCallStack.m in Sources */ = {isa = PBXBuildFile; fileRef = D665CECB250B2233007D98D5 /* WDZCallStack.m */; };
		D665CED7250B2233007D98D5 /* WDZCallTrace.m in Sources */ = {isa = PBXBuildFile; fileRef = D665CECC250B2233007D98D5 /* WDZCallTrace.m */; };
		D665CED8250B2233007D98D5 /* WDZLagMonitor.m in Sources */ = {isa = PBXBuildFile; fileRef = D665CECD250B2233007D98D5 /* WDZLagMonitor.m */; };
		D665CEDB250B3E60007D98D5 /* WDZStackCell.m in Sources */ = {isa = PBXBuildFile; fileRef = D665CEDA250B3E60007D98D5 /* WDZStackCell.m */; };
		D665CEE0250B3EF9007D98D5 /* WDZClsCallViewController.m in Sources */ = {isa = PBXBuildFile; fileRef = D665CEDC250B3EF9007D98D5 /* WDZClsCallViewController.m */; };
		D665CEE1250B3EF9007D98D5 /* WDZStackViewController.m in Sources */ = {isa = PBXBuildFile; fileRef = D665CEDD250B3EF9007D98D5 /* WDZStackViewController.m */; };
		D665CEE4250B3F37007D98D5 /* WDZClsCallCell.m in Sources */ = {isa = PBXBuildFile; fileRef = D665CEE2250B3F37007D98D5 /* WDZClsCallCell.m */; };
		D665D280250B54B7007D98D5 /* DCHook.m in Sources */ = {isa = PBXBuildFile; fileRef = D665D27D250B54B7007D98D5 /* DCHook.m */; };
		D665D281250B54B7007D98D5 /* UIViewController+clsCall.m in Sources */ = {isa = PBXBuildFile; fileRef = D665D27E250B54B7007D98D5 /* UIViewController+clsCall.m */; };
		D66FCB2325122EDE004BEFAC /* DKCallTraceCore.c in Sources */ = {isa = PBXBuildFile; fileRef = D66FCB2225122EDE004BEFAC /* DKCallTraceCore.c */; };
/* End PBXBuildFile section */

/* Begin PBXContainerItemProxy section */
		AAFFB83A24FD1A450081A2B9 /* PBXContainerItemProxy */ = {
			isa = PBXContainerItemProxy;
			containerPortal = AAFFB81624FD1A430081A2B9 /* Project object */;
			proxyType = 1;
			remoteGlobalIDString = AAFFB81D24FD1A430081A2B9;
			remoteInfo = DKPlayer;
		};
		AAFFB84524FD1A450081A2B9 /* PBXContainerItemProxy */ = {
			isa = PBXContainerItemProxy;
			containerPortal = AAFFB81624FD1A430081A2B9 /* Project object */;
			proxyType = 1;
			remoteGlobalIDString = AAFFB81D24FD1A430081A2B9;
			remoteInfo = DKPlayer;
		};
/* End PBXContainerItemProxy section */

/* Begin PBXFileReference section */
		6F1E47485B15DC85096BD4B7 /* Pods_DKPlayer.framework */ = {isa = PBXFileReference; explicitFileType = wrapper.framework; includeInIndex = 0; path = Pods_DKPlayer.framework; sourceTree = BUILT_PRODUCTS_DIR; };
		AAFFB81E24FD1A430081A2B9 /* DKPlayer.app */ = {isa = PBXFileReference; explicitFileType = wrapper.application; includeInIndex = 0; path = DKPlayer.app; sourceTree = BUILT_PRODUCTS_DIR; };
		AAFFB82124FD1A430081A2B9 /* AppDelegate.h */ = {isa = PBXFileReference; lastKnownFileType = sourcecode.c.h; path = AppDelegate.h; sourceTree = "<group>"; };
		AAFFB82224FD1A430081A2B9 /* AppDelegate.m */ = {isa = PBXFileReference; lastKnownFileType = sourcecode.c.objc; path = AppDelegate.m; sourceTree = "<group>"; };
		AAFFB82724FD1A430081A2B9 /* ViewController.h */ = {isa = PBXFileReference; lastKnownFileType = sourcecode.c.h; path = ViewController.h; sourceTree = "<group>"; };
		AAFFB82824FD1A430081A2B9 /* ViewController.m */ = {isa = PBXFileReference; lastKnownFileType = sourcecode.c.objc; path = ViewController.m; sourceTree = "<group>"; };
		AAFFB82B24FD1A430081A2B9 /* Base */ = {isa = PBXFileReference; lastKnownFileType = file.storyboard; name = Base; path = Base.lproj/Main.storyboard; sourceTree = "<group>"; };
		AAFFB82D24FD1A440081A2B9 /* Assets.xcassets */ = {isa = PBXFileReference; lastKnownFileType = folder.assetcatalog; path = Assets.xcassets; sourceTree = "<group>"; };
		AAFFB83024FD1A440081A2B9 /* Base */ = {isa = PBXFileReference; lastKnownFileType = file.storyboard; name = Base; path = Base.lproj/LaunchScreen.storyboard; sourceTree = "<group>"; };
		AAFFB83224FD1A440081A2B9 /* Info.plist */ = {isa = PBXFileReference; lastKnownFileType = text.plist.xml; path = Info.plist; sourceTree = "<group>"; };
		AAFFB83324FD1A440081A2B9 /* main.m */ = {isa = PBXFileReference; lastKnownFileType = sourcecode.c.objc; path = main.m; sourceTree = "<group>"; };
		AAFFB83924FD1A450081A2B9 /* DKPlayerTests.xctest */ = {isa = PBXFileReference; explicitFileType = wrapper.cfbundle; includeInIndex = 0; path = DKPlayerTests.xctest; sourceTree = BUILT_PRODUCTS_DIR; };
		AAFFB83D24FD1A450081A2B9 /* DKPlayerTests.m */ = {isa = PBXFileReference; lastKnownFileType = sourcecode.c.objc; path = DKPlayerTests.m; sourceTree = "<group>"; };
		AAFFB83F24FD1A450081A2B9 /* Info.plist */ = {isa = PBXFileReference; lastKnownFileType = text.plist.xml; path = Info.plist; sourceTree = "<group>"; };
		AAFFB84424FD1A450081A2B9 /* DKPlayerUITests.xctest */ = {isa = PBXFileReference; explicitFileType = wrapper.cfbundle; includeInIndex = 0; path = DKPlayerUITests.xctest; sourceTree = BUILT_PRODUCTS_DIR; };
		AAFFB84824FD1A450081A2B9 /* DKPlayerUITests.m */ = {isa = PBXFileReference; lastKnownFileType = sourcecode.c.objc; path = DKPlayerUITests.m; sourceTree = "<group>"; };
		AAFFB84A24FD1A450081A2B9 /* Info.plist */ = {isa = PBXFileReference; lastKnownFileType = text.plist.xml; path = Info.plist; sourceTree = "<group>"; };
		AAFFB85A24FD1AA60081A2B9 /* version.h */ = {isa = PBXFileReference; fileEncoding = 4; lastKnownFileType = sourcecode.c.h; path = version.h; sourceTree = "<group>"; };
		AAFFB85B24FD1AA60081A2B9 /* postprocess.h */ = {isa = PBXFileReference; fileEncoding = 4; lastKnownFileType = sourcecode.c.h; path = postprocess.h; sourceTree = "<group>"; };
		AAFFB85D24FD1AA60081A2B9 /* version.h */ = {isa = PBXFileReference; fileEncoding = 4; lastKnownFileType = sourcecode.c.h; path = version.h; sourceTree = "<group>"; };
		AAFFB85E24FD1AA60081A2B9 /* buffersrc.h */ = {isa = PBXFileReference; fileEncoding = 4; lastKnownFileType = sourcecode.c.h; path = buffersrc.h; sourceTree = "<group>"; };
		AAFFB85F24FD1AA60081A2B9 /* buffersink.h */ = {isa = PBXFileReference; fileEncoding = 4; lastKnownFileType = sourcecode.c.h; path = buffersink.h; sourceTree = "<group>"; };
		AAFFB86024FD1AA60081A2B9 /* avfilter.h */ = {isa = PBXFileReference; fileEncoding = 4; lastKnownFileType = sourcecode.c.h; path = avfilter.h; sourceTree = "<group>"; };
		AAFFB86224FD1AA60081A2B9 /* hwcontext.h */ = {isa = PBXFileReference; fileEncoding = 4; lastKnownFileType = sourcecode.c.h; path = hwcontext.h; sourceTree = "<group>"; };
		AAFFB86324FD1AA60081A2B9 /* time.h */ = {isa = PBXFileReference; fileEncoding = 4; lastKnownFileType = sourcecode.c.h; path = time.h; sourceTree = "<group>"; };
		AAFFB86424FD1AA60081A2B9 /* hwcontext_cuda.h */ = {isa = PBXFileReference; fileEncoding = 4; lastKnownFileType = sourcecode.c.h; path = hwcontext_cuda.h; sourceTree = "<group>"; };
		AAFFB86524FD1AA60081A2B9 /* intfloat.h */ = {isa = PBXFileReference; fileEncoding = 4; lastKnownFileType = sourcecode.c.h; path = intfloat.h; sourceTree = "<group>"; };
		AAFFB86624FD1AA60081A2B9 /* error.h */ = {isa = PBXFileReference; fileEncoding = 4; lastKnownFileType = sourcecode.c.h; path = error.h; sourceTree = "<group>"; };
		AAFFB86724FD1AA60081A2B9 /* fifo.h */ = {isa = PBXFileReference; fileEncoding = 4; lastKnownFileType = sourcecode.c.h; path = fifo.h; sourceTree = "<group>"; };
		AAFFB86824FD1AA60081A2B9 /* blowfish.h */ = {isa = PBXFileReference; fileEncoding = 4; lastKnownFileType = sourcecode.c.h; path = blowfish.h; sourceTree = "<group>"; };
		AAFFB86924FD1AA60081A2B9 /* hwcontext_mediacodec.h */ = {isa = PBXFileReference; fileEncoding = 4; lastKnownFileType = sourcecode.c.h; path = hwcontext_mediacodec.h; sourceTree = "<group>"; };
		AAFFB86A24FD1AA60081A2B9 /* replaygain.h */ = {isa = PBXFileReference; fileEncoding = 4; lastKnownFileType = sourcecode.c.h; path = replaygain.h; sourceTree = "<group>"; };
		AAFFB86B24FD1AA60081A2B9 /* version.h */ = {isa = PBXFileReference; fileEncoding = 4; lastKnownFileType = sourcecode.c.h; path = version.h; sourceTree = "<group>"; };
		AAFFB86C24FD1AA60081A2B9 /* murmur3.h */ = {isa = PBXFileReference; fileEncoding = 4; lastKnownFileType = sourcecode.c.h; path = murmur3.h; sourceTree = "<group>"; };
		AAFFB86D24FD1AA60081A2B9 /* stereo3d.h */ = {isa = PBXFileReference; fileEncoding = 4; lastKnownFileType = sourcecode.c.h; path = stereo3d.h; sourceTree = "<group>"; };
		AAFFB86E24FD1AA60081A2B9 /* samplefmt.h */ = {isa = PBXFileReference; fileEncoding = 4; lastKnownFileType = sourcecode.c.h; path = samplefmt.h; sourceTree = "<group>"; };
		AAFFB86F24FD1AA60081A2B9 /* pixdesc.h */ = {isa = PBXFileReference; fileEncoding = 4; lastKnownFileType = sourcecode.c.h; path = pixdesc.h; sourceTree = "<group>"; };
		AAFFB87024FD1AA60081A2B9 /* base64.h */ = {isa = PBXFileReference; fileEncoding = 4; lastKnownFileType = sourcecode.c.h; path = base64.h; sourceTree = "<group>"; };
		AAFFB87124FD1AA60081A2B9 /* rational.h */ = {isa = PBXFileReference; fileEncoding = 4; lastKnownFileType = sourcecode.c.h; path = rational.h; sourceTree = "<group>"; };
		AAFFB87224FD1AA60081A2B9 /* sha.h */ = {isa = PBXFileReference; fileEncoding = 4; lastKnownFileType = sourcecode.c.h; path = sha.h; sourceTree = "<group>"; };
		AAFFB87324FD1AA60081A2B9 /* motion_vector.h */ = {isa = PBXFileReference; fileEncoding = 4; lastKnownFileType = sourcecode.c.h; path = motion_vector.h; sourceTree = "<group>"; };
		AAFFB87424FD1AA60081A2B9 /* avconfig.h */ = {isa = PBXFileReference; fileEncoding = 4; lastKnownFileType = sourcecode.c.h; path = avconfig.h; sourceTree = "<group>"; };
		AAFFB87524FD1AA60081A2B9 /* lfg.h */ = {isa = PBXFileReference; fileEncoding = 4; lastKnownFileType = sourcecode.c.h; path = lfg.h; sourceTree = "<group>"; };
		AAFFB87624FD1AA60081A2B9 /* avutil.h */ = {isa = PBXFileReference; fileEncoding = 4; lastKnownFileType = sourcecode.c.h; path = avutil.h; sourceTree = "<group>"; };
		AAFFB87724FD1AA60081A2B9 /* xtea.h */ = {isa = PBXFileReference; fileEncoding = 4; lastKnownFileType = sourcecode.c.h; path = xtea.h; sourceTree = "<group>"; };
		AAFFB87824FD1AA60081A2B9 /* crc.h */ = {isa = PBXFileReference; fileEncoding = 4; lastKnownFileType = sourcecode.c.h; path = crc.h; sourceTree = "<group>"; };
		AAFFB87924FD1AA60081A2B9 /* hwcontext_vdpau.h */ = {isa = PBXFileReference; fileEncoding = 4; lastKnownFileType = sourcecode.c.h; path = hwcontext_vdpau.h; sourceTree = "<group>"; };
		AAFFB87A24FD1AA60081A2B9 /* frame.h */ = {isa = PBXFileReference; fileEncoding = 4; lastKnownFileType = sourcecode.c.h; path = frame.h; sourceTree = "<group>"; };
		AAFFB87B24FD1AA60081A2B9 /* file.h */ = {isa = PBXFileReference; fileEncoding = 4; lastKnownFileType = sourcecode.c.h; path = file.h; sourceTree = "<group>"; };
		AAFFB87C24FD1AA60081A2B9 /* md5.h */ = {isa = PBXFileReference; fileEncoding = 4; lastKnownFileType = sourcecode.c.h; path = md5.h; sourceTree = "<group>"; };
		AAFFB87D24FD1AA60081A2B9 /* cast5.h */ = {isa = PBXFileReference; fileEncoding = 4; lastKnownFileType = sourcecode.c.h; path = cast5.h; sourceTree = "<group>"; };
		AAFFB87E24FD1AA60081A2B9 /* hwcontext_vaapi.h */ = {isa = PBXFileReference; fileEncoding = 4; lastKnownFileType = sourcecode.c.h; path = hwcontext_vaapi.h; sourceTree = "<group>"; };
		AAFFB87F24FD1AA60081A2B9 /* spherical.h */ = {isa = PBXFileReference; fileEncoding = 4; lastKnownFileType = sourcecode.c.h; path = spherical.h; sourceTree = "<group>"; };
		AAFFB88024FD1AA60081A2B9 /* ffversion.h */ = {isa = PBXFileReference; fileEncoding = 4; lastKnownFileType = sourcecode.c.h; path = ffversion.h; sourceTree = "<group>"; };
		AAFFB88124FD1AA60081A2B9 /* audio_fifo.h */ = {isa = PBXFileReference; fileEncoding = 4; lastKnownFileType = sourcecode.c.h; path = audio_fifo.h; sourceTree = "<group>"; };
		AAFFB88224FD1AA60081A2B9 /* tree.h */ = {isa = PBXFileReference; fileEncoding = 4; lastKnownFileType = sourcecode.c.h; path = tree.h; sourceTree = "<group>"; };
		AAFFB88324FD1AA60081A2B9 /* threadmessage.h */ = {isa = PBXFileReference; fileEncoding = 4; lastKnownFileType = sourcecode.c.h; path = threadmessage.h; sourceTree = "<group>"; };
		AAFFB88424FD1AA60081A2B9 /* attributes.h */ = {isa = PBXFileReference; fileEncoding = 4; lastKnownFileType = sourcecode.c.h; path = attributes.h; sourceTree = "<group>"; };
		AAFFB88524FD1AA60081A2B9 /* adler32.h */ = {isa = PBXFileReference; fileEncoding = 4; lastKnownFileType = sourcecode.c.h; path = adler32.h; sourceTree = "<group>"; };
		AAFFB88624FD1AA60081A2B9 /* hwcontext_d3d11va.h */ = {isa = PBXFileReference; fileEncoding = 4; lastKnownFileType = sourcecode.c.h; path = hwcontext_d3d11va.h; sourceTree = "<group>"; };
		AAFFB88724FD1AA60081A2B9 /* timecode.h */ = {isa = PBXFileReference; fileEncoding = 4; lastKnownFileType = sourcecode.c.h; path = timecode.h; sourceTree = "<group>"; };
		AAFFB88824FD1AA60081A2B9 /* tx.h */ = {isa = PBXFileReference; fileEncoding = 4; lastKnownFileType = sourcecode.c.h; path = tx.h; sourceTree = "<group>"; };
		AAFFB88924FD1AA60081A2B9 /* sha512.h */ = {isa = PBXFileReference; fileEncoding = 4; lastKnownFileType = sourcecode.c.h; path = sha512.h; sourceTree = "<group>"; };
		AAFFB88A24FD1AA60081A2B9 /* hwcontext_dxva2.h */ = {isa = PBXFileReference; fileEncoding = 4; lastKnownFileType = sourcecode.c.h; path = hwcontext_dxva2.h; sourceTree = "<group>"; };
		AAFFB88B24FD1AA60081A2B9 /* display.h */ = {isa = PBXFileReference; fileEncoding = 4; lastKnownFileType = sourcecode.c.h; path = display.h; sourceTree = "<group>"; };
		AAFFB88C24FD1AA60081A2B9 /* buffer.h */ = {isa = PBXFileReference; fileEncoding = 4; lastKnownFileType = sourcecode.c.h; path = buffer.h; sourceTree = "<group>"; };
		AAFFB88D24FD1AA60081A2B9 /* camellia.h */ = {isa = PBXFileReference; fileEncoding = 4; lastKnownFileType = sourcecode.c.h; path = camellia.h; sourceTree = "<group>"; };
		AAFFB88E24FD1AA60081A2B9 /* pixelutils.h */ = {isa = PBXFileReference; fileEncoding = 4; lastKnownFileType = sourcecode.c.h; path = pixelutils.h; sourceTree = "<group>"; };
		AAFFB88F24FD1AA60081A2B9 /* hwcontext_drm.h */ = {isa = PBXFileReference; fileEncoding = 4; lastKnownFileType = sourcecode.c.h; path = hwcontext_drm.h; sourceTree = "<group>"; };
		AAFFB89024FD1AA60081A2B9 /* common.h */ = {isa = PBXFileReference; fileEncoding = 4; lastKnownFileType = sourcecode.c.h; path = common.h; sourceTree = "<group>"; };
		AAFFB89124FD1AA60081A2B9 /* hmac.h */ = {isa = PBXFileReference; fileEncoding = 4; lastKnownFileType = sourcecode.c.h; path = hmac.h; sourceTree = "<group>"; };
		AAFFB89224FD1AA60081A2B9 /* eval.h */ = {isa = PBXFileReference; fileEncoding = 4; lastKnownFileType = sourcecode.c.h; path = eval.h; sourceTree = "<group>"; };
		AAFFB89324FD1AA60081A2B9 /* dict.h */ = {isa = PBXFileReference; fileEncoding = 4; lastKnownFileType = sourcecode.c.h; path = dict.h; sourceTree = "<group>"; };
		AAFFB89424FD1AA60081A2B9 /* random_seed.h */ = {isa = PBXFileReference; fileEncoding = 4; lastKnownFileType = sourcecode.c.h; path = random_seed.h; sourceTree = "<group>"; };
		AAFFB89524FD1AA60081A2B9 /* opt.h */ = {isa = PBXFileReference; fileEncoding = 4; lastKnownFileType = sourcecode.c.h; path = opt.h; sourceTree = "<group>"; };
		AAFFB89624FD1AA60081A2B9 /* mastering_display_metadata.h */ = {isa = PBXFileReference; fileEncoding = 4; lastKnownFileType = sourcecode.c.h; path = mastering_display_metadata.h; sourceTree = "<group>"; };
		AAFFB89724FD1AA60081A2B9 /* log.h */ = {isa = PBXFileReference; fileEncoding = 4; lastKnownFileType = sourcecode.c.h; path = log.h; sourceTree = "<group>"; };
		AAFFB89824FD1AA60081A2B9 /* aes.h */ = {isa = PBXFileReference; fileEncoding = 4; lastKnownFileType = sourcecode.c.h; path = aes.h; sourceTree = "<group>"; };
		AAFFB89924FD1AA60081A2B9 /* macros.h */ = {isa = PBXFileReference; fileEncoding = 4; lastKnownFileType = sourcecode.c.h; path = macros.h; sourceTree = "<group>"; };
		AAFFB89A24FD1AA60081A2B9 /* bswap.h */ = {isa = PBXFileReference; fileEncoding = 4; lastKnownFileType = sourcecode.c.h; path = bswap.h; sourceTree = "<group>"; };
		AAFFB89B24FD1AA60081A2B9 /* rc4.h */ = {isa = PBXFileReference; fileEncoding = 4; lastKnownFileType = sourcecode.c.h; path = rc4.h; sourceTree = "<group>"; };
		AAFFB89C24FD1AA60081A2B9 /* tea.h */ = {isa = PBXFileReference; fileEncoding = 4; lastKnownFileType = sourcecode.c.h; path = tea.h; sourceTree = "<group>"; };
		AAFFB89D24FD1AA60081A2B9 /* cpu.h */ = {isa = PBXFileReference; fileEncoding = 4; lastKnownFileType = sourcecode.c.h; path = cpu.h; sourceTree = "<group>"; };
		AAFFB89E24FD1AA60081A2B9 /* lzo.h */ = {isa = PBXFileReference; fileEncoding = 4; lastKnownFileType = sourcecode.c.h; path = lzo.h; sourceTree = "<group>"; };
		AAFFB89F24FD1AA60081A2B9 /* des.h */ = {isa = PBXFileReference; fileEncoding = 4; lastKnownFileType = sourcecode.c.h; path = des.h; sourceTree = "<group>"; };
		AAFFB8A024FD1AA60081A2B9 /* channel_layout.h */ = {isa = PBXFileReference; fileEncoding = 4; lastKnownFileType = sourcecode.c.h; path = channel_layout.h; sourceTree = "<group>"; };
		AAFFB8A124FD1AA60081A2B9 /* encryption_info.h */ = {isa = PBXFileReference; fileEncoding = 4; lastKnownFileType = sourcecode.c.h; path = encryption_info.h; sourceTree = "<group>"; };
		AAFFB8A224FD1AA60081A2B9 /* twofish.h */ = {isa = PBXFileReference; fileEncoding = 4; lastKnownFileType = sourcecode.c.h; path = twofish.h; sourceTree = "<group>"; };
		AAFFB8A324FD1AA60081A2B9 /* imgutils.h */ = {isa = PBXFileReference; fileEncoding = 4; lastKnownFileType = sourcecode.c.h; path = imgutils.h; sourceTree = "<group>"; };
		AAFFB8A424FD1AA60081A2B9 /* hwcontext_videotoolbox.h */ = {isa = PBXFileReference; fileEncoding = 4; lastKnownFileType = sourcecode.c.h; path = hwcontext_videotoolbox.h; sourceTree = "<group>"; };
		AAFFB8A524FD1AA60081A2B9 /* mem.h */ = {isa = PBXFileReference; fileEncoding = 4; lastKnownFileType = sourcecode.c.h; path = mem.h; sourceTree = "<group>"; };
		AAFFB8A624FD1AA60081A2B9 /* parseutils.h */ = {isa = PBXFileReference; fileEncoding = 4; lastKnownFileType = sourcecode.c.h; path = parseutils.h; sourceTree = "<group>"; };
		AAFFB8A724FD1AA60081A2B9 /* ripemd.h */ = {isa = PBXFileReference; fileEncoding = 4; lastKnownFileType = sourcecode.c.h; path = ripemd.h; sourceTree = "<group>"; };
		AAFFB8A824FD1AA60081A2B9 /* bprint.h */ = {isa = PBXFileReference; fileEncoding = 4; lastKnownFileType = sourcecode.c.h; path = bprint.h; sourceTree = "<group>"; };
		AAFFB8A924FD1AA60081A2B9 /* hdr_dynamic_metadata.h */ = {isa = PBXFileReference; fileEncoding = 4; lastKnownFileType = sourcecode.c.h; path = hdr_dynamic_metadata.h; sourceTree = "<group>"; };
		AAFFB8AA24FD1AA60081A2B9 /* hwcontext_qsv.h */ = {isa = PBXFileReference; fileEncoding = 4; lastKnownFileType = sourcecode.c.h; path = hwcontext_qsv.h; sourceTree = "<group>"; };
		AAFFB8AB24FD1AA60081A2B9 /* pixfmt.h */ = {isa = PBXFileReference; fileEncoding = 4; lastKnownFileType = sourcecode.c.h; path = pixfmt.h; sourceTree = "<group>"; };
		AAFFB8AC24FD1AA60081A2B9 /* aes_ctr.h */ = {isa = PBXFileReference; fileEncoding = 4; lastKnownFileType = sourcecode.c.h; path = aes_ctr.h; sourceTree = "<group>"; };
		AAFFB8AD24FD1AA60081A2B9 /* timestamp.h */ = {isa = PBXFileReference; fileEncoding = 4; lastKnownFileType = sourcecode.c.h; path = timestamp.h; sourceTree = "<group>"; };
		AAFFB8AE24FD1AA60081A2B9 /* downmix_info.h */ = {isa = PBXFileReference; fileEncoding = 4; lastKnownFileType = sourcecode.c.h; path = downmix_info.h; sourceTree = "<group>"; };
		AAFFB8AF24FD1AA60081A2B9 /* avassert.h */ = {isa = PBXFileReference; fileEncoding = 4; lastKnownFileType = sourcecode.c.h; path = avassert.h; sourceTree = "<group>"; };
		AAFFB8B024FD1AA60081A2B9 /* hash.h */ = {isa = PBXFileReference; fileEncoding = 4; lastKnownFileType = sourcecode.c.h; path = hash.h; sourceTree = "<group>"; };
		AAFFB8B124FD1AA60081A2B9 /* mathematics.h */ = {isa = PBXFileReference; fileEncoding = 4; lastKnownFileType = sourcecode.c.h; path = mathematics.h; sourceTree = "<group>"; };
		AAFFB8B224FD1AA60081A2B9 /* intreadwrite.h */ = {isa = PBXFileReference; fileEncoding = 4; lastKnownFileType = sourcecode.c.h; path = intreadwrite.h; sourceTree = "<group>"; };
		AAFFB8B324FD1AA60081A2B9 /* avstring.h */ = {isa = PBXFileReference; fileEncoding = 4; lastKnownFileType = sourcecode.c.h; path = avstring.h; sourceTree = "<group>"; };
		AAFFB8B524FD1AA60081A2B9 /* version.h */ = {isa = PBXFileReference; fileEncoding = 4; lastKnownFileType = sourcecode.c.h; path = version.h; sourceTree = "<group>"; };
		AAFFB8B624FD1AA60081A2B9 /* avdevice.h */ = {isa = PBXFileReference; fileEncoding = 4; lastKnownFileType = sourcecode.c.h; path = avdevice.h; sourceTree = "<group>"; };
		AAFFB8B824FD1AA60081A2B9 /* version.h */ = {isa = PBXFileReference; fileEncoding = 4; lastKnownFileType = sourcecode.c.h; path = version.h; sourceTree = "<group>"; };
		AAFFB8B924FD1AA60081A2B9 /* avio.h */ = {isa = PBXFileReference; fileEncoding = 4; lastKnownFileType = sourcecode.c.h; path = avio.h; sourceTree = "<group>"; };
		AAFFB8BA24FD1AA60081A2B9 /* avformat.h */ = {isa = PBXFileReference; fileEncoding = 4; lastKnownFileType = sourcecode.c.h; path = avformat.h; sourceTree = "<group>"; };
		AAFFB8BC24FD1AA60081A2B9 /* version.h */ = {isa = PBXFileReference; fileEncoding = 4; lastKnownFileType = sourcecode.c.h; path = version.h; sourceTree = "<group>"; };
		AAFFB8BD24FD1AA60081A2B9 /* swscale.h */ = {isa = PBXFileReference; fileEncoding = 4; lastKnownFileType = sourcecode.c.h; path = swscale.h; sourceTree = "<group>"; };
		AAFFB8BF24FD1AA60081A2B9 /* adts_parser.h */ = {isa = PBXFileReference; fileEncoding = 4; lastKnownFileType = sourcecode.c.h; path = adts_parser.h; sourceTree = "<group>"; };
		AAFFB8C024FD1AA60081A2B9 /* avcodec.h */ = {isa = PBXFileReference; fileEncoding = 4; lastKnownFileType = sourcecode.c.h; path = avcodec.h; sourceTree = "<group>"; };
		AAFFB8C124FD1AA60081A2B9 /* version.h */ = {isa = PBXFileReference; fileEncoding = 4; lastKnownFileType = sourcecode.c.h; path = version.h; sourceTree = "<group>"; };
		AAFFB8C224FD1AA60081A2B9 /* vdpau.h */ = {isa = PBXFileReference; fileEncoding = 4; lastKnownFileType = sourcecode.c.h; path = vdpau.h; sourceTree = "<group>"; };
		AAFFB8C324FD1AA60081A2B9 /* qsv.h */ = {isa = PBXFileReference; fileEncoding = 4; lastKnownFileType = sourcecode.c.h; path = qsv.h; sourceTree = "<group>"; };
		AAFFB8C424FD1AA60081A2B9 /* vaapi.h */ = {isa = PBXFileReference; fileEncoding = 4; lastKnownFileType = sourcecode.c.h; path = vaapi.h; sourceTree = "<group>"; };
		AAFFB8C524FD1AA60081A2B9 /* videotoolbox.h */ = {isa = PBXFileReference; fileEncoding = 4; lastKnownFileType = sourcecode.c.h; path = videotoolbox.h; sourceTree = "<group>"; };
		AAFFB8C624FD1AA60081A2B9 /* xvmc.h */ = {isa = PBXFileReference; fileEncoding = 4; lastKnownFileType = sourcecode.c.h; path = xvmc.h; sourceTree = "<group>"; };
		AAFFB8C724FD1AA60081A2B9 /* mediacodec.h */ = {isa = PBXFileReference; fileEncoding = 4; lastKnownFileType = sourcecode.c.h; path = mediacodec.h; sourceTree = "<group>"; };
		AAFFB8C824FD1AA60081A2B9 /* d3d11va.h */ = {isa = PBXFileReference; fileEncoding = 4; lastKnownFileType = sourcecode.c.h; path = d3d11va.h; sourceTree = "<group>"; };
		AAFFB8C924FD1AA60081A2B9 /* avfft.h */ = {isa = PBXFileReference; fileEncoding = 4; lastKnownFileType = sourcecode.c.h; path = avfft.h; sourceTree = "<group>"; };
		AAFFB8CA24FD1AA60081A2B9 /* jni.h */ = {isa = PBXFileReference; fileEncoding = 4; lastKnownFileType = sourcecode.c.h; path = jni.h; sourceTree = "<group>"; };
		AAFFB8CB24FD1AA60081A2B9 /* dirac.h */ = {isa = PBXFileReference; fileEncoding = 4; lastKnownFileType = sourcecode.c.h; path = dirac.h; sourceTree = "<group>"; };
		AAFFB8CC24FD1AA60081A2B9 /* avdct.h */ = {isa = PBXFileReference; fileEncoding = 4; lastKnownFileType = sourcecode.c.h; path = avdct.h; sourceTree = "<group>"; };
		AAFFB8CD24FD1AA60081A2B9 /* ac3_parser.h */ = {isa = PBXFileReference; fileEncoding = 4; lastKnownFileType = sourcecode.c.h; path = ac3_parser.h; sourceTree = "<group>"; };
		AAFFB8CE24FD1AA60081A2B9 /* vorbis_parser.h */ = {isa = PBXFileReference; fileEncoding = 4; lastKnownFileType = sourcecode.c.h; path = vorbis_parser.h; sourceTree = "<group>"; };
		AAFFB8CF24FD1AA60081A2B9 /* dxva2.h */ = {isa = PBXFileReference; fileEncoding = 4; lastKnownFileType = sourcecode.c.h; path = dxva2.h; sourceTree = "<group>"; };
		AAFFB8D024FD1AA60081A2B9 /* dv_profile.h */ = {isa = PBXFileReference; fileEncoding = 4; lastKnownFileType = sourcecode.c.h; path = dv_profile.h; sourceTree = "<group>"; };
		AAFFB8D224FD1AA60081A2B9 /* version.h */ = {isa = PBXFileReference; fileEncoding = 4; lastKnownFileType = sourcecode.c.h; path = version.h; sourceTree = "<group>"; };
		AAFFB8D324FD1AA60081A2B9 /* swresample.h */ = {isa = PBXFileReference; fileEncoding = 4; lastKnownFileType = sourcecode.c.h; path = swresample.h; sourceTree = "<group>"; };
		AAFFB8D624FD1AA60081A2B9 /* libswscale.pc */ = {isa = PBXFileReference; fileEncoding = 4; lastKnownFileType = text; path = libswscale.pc; sourceTree = "<group>"; };
		AAFFB8D724FD1AA60081A2B9 /* libswresample.pc */ = {isa = PBXFileReference; fileEncoding = 4; lastKnownFileType = text; path = libswresample.pc; sourceTree = "<group>"; };
		AAFFB8D824FD1AA60081A2B9 /* libavdevice.pc */ = {isa = PBXFileReference; fileEncoding = 4; lastKnownFileType = text; path = libavdevice.pc; sourceTree = "<group>"; };
		AAFFB8D924FD1AA60081A2B9 /* libavcodec.pc */ = {isa = PBXFileReference; fileEncoding = 4; lastKnownFileType = text; path = libavcodec.pc; sourceTree = "<group>"; };
		AAFFB8DA24FD1AA60081A2B9 /* libavformat.pc */ = {isa = PBXFileReference; fileEncoding = 4; lastKnownFileType = text; path = libavformat.pc; sourceTree = "<group>"; };
		AAFFB8DB24FD1AA60081A2B9 /* libavutil.pc */ = {isa = PBXFileReference; fileEncoding = 4; lastKnownFileType = text; path = libavutil.pc; sourceTree = "<group>"; };
		AAFFB8DC24FD1AA60081A2B9 /* libavfilter.pc */ = {isa = PBXFileReference; fileEncoding = 4; lastKnownFileType = text; path = libavfilter.pc; sourceTree = "<group>"; };
		AAFFB8DD24FD1AA60081A2B9 /* libpostproc.pc */ = {isa = PBXFileReference; fileEncoding = 4; lastKnownFileType = text; path = libpostproc.pc; sourceTree = "<group>"; };
		AAFFB8DE24FD1AA60081A2B9 /* libavutil.a */ = {isa = PBXFileReference; lastKnownFileType = archive.ar; path = libavutil.a; sourceTree = "<group>"; };
		AAFFB8DF24FD1AA60081A2B9 /* libavfilter.a */ = {isa = PBXFileReference; lastKnownFileType = archive.ar; path = libavfilter.a; sourceTree = "<group>"; };
		AAFFB8E024FD1AA60081A2B9 /* libavcodec.a */ = {isa = PBXFileReference; lastKnownFileType = archive.ar; path = libavcodec.a; sourceTree = "<group>"; };
		AAFFB8E124FD1AA60081A2B9 /* libpostproc.a */ = {isa = PBXFileReference; lastKnownFileType = archive.ar; path = libpostproc.a; sourceTree = "<group>"; };
		AAFFB8E224FD1AA60081A2B9 /* libavformat.a */ = {isa = PBXFileReference; lastKnownFileType = archive.ar; path = libavformat.a; sourceTree = "<group>"; };
		AAFFB8E324FD1AA60081A2B9 /* libavdevice.a */ = {isa = PBXFileReference; lastKnownFileType = archive.ar; path = libavdevice.a; sourceTree = "<group>"; };
		AAFFB8E424FD1AA60081A2B9 /* libswresample.a */ = {isa = PBXFileReference; lastKnownFileType = archive.ar; path = libswresample.a; sourceTree = "<group>"; };
		AAFFB8E524FD1AA60081A2B9 /* libswscale.a */ = {isa = PBXFileReference; lastKnownFileType = archive.ar; path = libswscale.a; sourceTree = "<group>"; };
		D457D1E4103795225FF01416 /* Pods-DKPlayer.debug.xcconfig */ = {isa = PBXFileReference; includeInIndex = 1; lastKnownFileType = text.xcconfig; name = "Pods-DKPlayer.debug.xcconfig"; path = "Target Support Files/Pods-DKPlayer/Pods-DKPlayer.debug.xcconfig"; sourceTree = "<group>"; };
		D61AF44873D316775FE07579 /* Pods-DKPlayer.release.xcconfig */ = {isa = PBXFileReference; includeInIndex = 1; lastKnownFileType = text.xcconfig; name = "Pods-DKPlayer.release.xcconfig"; path = "Target Support Files/Pods-DKPlayer/Pods-DKPlayer.release.xcconfig"; sourceTree = "<group>"; };
		D6579F2624FE23B700ED1C9F /* DKPromise+Retry.m */ = {isa = PBXFileReference; fileEncoding = 4; lastKnownFileType = sourcecode.c.objc; path = "DKPromise+Retry.m"; sourceTree = "<group>"; };
		D6579F2724FE23B700ED1C9F /* DKPromise+Catch.h */ = {isa = PBXFileReference; fileEncoding = 4; lastKnownFileType = sourcecode.c.h; path = "DKPromise+Catch.h"; sourceTree = "<group>"; };
		D6579F2824FE23B700ED1C9F /* DKPromise.h */ = {isa = PBXFileReference; fileEncoding = 4; lastKnownFileType = sourcecode.c.h; path = DKPromise.h; sourceTree = "<group>"; };
		D6579F2924FE23B700ED1C9F /* DKPromise+Delay.m */ = {isa = PBXFileReference; fileEncoding = 4; lastKnownFileType = sourcecode.c.objc; path = "DKPromise+Delay.m"; sourceTree = "<group>"; };
		D6579F2A24FE23B700ED1C9F /* DKPromise+Do.h */ = {isa = PBXFileReference; fileEncoding = 4; lastKnownFileType = sourcecode.c.h; path = "DKPromise+Do.h"; sourceTree = "<group>"; };
		D6579F2B24FE23B700ED1C9F /* DKPromise+Timeout.m */ = {isa = PBXFileReference; fileEncoding = 4; lastKnownFileType = sourcecode.c.objc; path = "DKPromise+Timeout.m"; sourceTree = "<group>"; };
		D6579F2C24FE23B700ED1C9F /* DKPromise+Always.m */ = {isa = PBXFileReference; fileEncoding = 4; lastKnownFileType = sourcecode.c.objc; path = "DKPromise+Always.m"; sourceTree = "<group>"; };
		D6579F2D24FE23B700ED1C9F /* DKPromise+Any.h */ = {isa = PBXFileReference; fileEncoding = 4; lastKnownFileType = sourcecode.c.h; path = "DKPromise+Any.h"; sourceTree = "<group>"; };
		D6579F2E24FE23B700ED1C9F /* DKPromise+All.m */ = {isa = PBXFileReference; fileEncoding = 4; lastKnownFileType = sourcecode.c.objc; path = "DKPromise+All.m"; sourceTree = "<group>"; };
		D6579F2F24FE23B700ED1C9F /* DKPromise+Async.m */ = {isa = PBXFileReference; fileEncoding = 4; lastKnownFileType = sourcecode.c.objc; path = "DKPromise+Async.m"; sourceTree = "<group>"; };
		D6579F3024FE23B700ED1C9F /* DKPromise+Then.m */ = {isa = PBXFileReference; fileEncoding = 4; lastKnownFileType = sourcecode.c.objc; path = "DKPromise+Then.m"; sourceTree = "<group>"; };
		D6579F3124FE23B700ED1C9F /* DKPromise+Catch.m */ = {isa = PBXFileReference; fileEncoding = 4; lastKnownFileType = sourcecode.c.objc; path = "DKPromise+Catch.m"; sourceTree = "<group>"; };
		D6579F3224FE23B700ED1C9F /* DKPromiseHeader.h */ = {isa = PBXFileReference; fileEncoding = 4; lastKnownFileType = sourcecode.c.h; path = DKPromiseHeader.h; sourceTree = "<group>"; };
		D6579F3324FE23B700ED1C9F /* DKPromise+Retry.h */ = {isa = PBXFileReference; fileEncoding = 4; lastKnownFileType = sourcecode.c.h; path = "DKPromise+Retry.h"; sourceTree = "<group>"; };
		D6579F3424FE23B700ED1C9F /* DKPromise+Do.m */ = {isa = PBXFileReference; fileEncoding = 4; lastKnownFileType = sourcecode.c.objc; path = "DKPromise+Do.m"; sourceTree = "<group>"; };
		D6579F3524FE23B700ED1C9F /* DKPromise+Timeout.h */ = {isa = PBXFileReference; fileEncoding = 4; lastKnownFileType = sourcecode.c.h; path = "DKPromise+Timeout.h"; sourceTree = "<group>"; };
		D6579F3624FE23B700ED1C9F /* DKPromise+Delay.h */ = {isa = PBXFileReference; fileEncoding = 4; lastKnownFileType = sourcecode.c.h; path = "DKPromise+Delay.h"; sourceTree = "<group>"; };
		D6579F3724FE23B700ED1C9F /* DKPromise.m */ = {isa = PBXFileReference; fileEncoding = 4; lastKnownFileType = sourcecode.c.objc; path = DKPromise.m; sourceTree = "<group>"; };
		D6579F3824FE23B700ED1C9F /* DKPromise+Any.m */ = {isa = PBXFileReference; fileEncoding = 4; lastKnownFileType = sourcecode.c.objc; path = "DKPromise+Any.m"; sourceTree = "<group>"; };
		D6579F3924FE23B700ED1C9F /* DKPromise+Always.h */ = {isa = PBXFileReference; fileEncoding = 4; lastKnownFileType = sourcecode.c.h; path = "DKPromise+Always.h"; sourceTree = "<group>"; };
		D6579F3A24FE23B700ED1C9F /* DKPromise+Then.h */ = {isa = PBXFileReference; fileEncoding = 4; lastKnownFileType = sourcecode.c.h; path = "DKPromise+Then.h"; sourceTree = "<group>"; };
		D6579F3B24FE23B700ED1C9F /* DKPromise+Async.h */ = {isa = PBXFileReference; fileEncoding = 4; lastKnownFileType = sourcecode.c.h; path = "DKPromise+Async.h"; sourceTree = "<group>"; };
		D6579F3C24FE23B700ED1C9F /* DKPromise+All.h */ = {isa = PBXFileReference; fileEncoding = 4; lastKnownFileType = sourcecode.c.h; path = "DKPromise+All.h"; sourceTree = "<group>"; };
		D665CEBA250B2233007D98D5 /* WDZCallTraceCore.h */ = {isa = PBXFileReference; fileEncoding = 4; lastKnownFileType = sourcecode.c.h; path = WDZCallTraceCore.h; sourceTree = "<group>"; };
		D665CEBB250B2233007D98D5 /* WDZCallStackModel.m */ = {isa = PBXFileReference; fileEncoding = 4; lastKnownFileType = sourcecode.c.objc; path = WDZCallStackModel.m; sourceTree = "<group>"; };
		D665CEBC250B2233007D98D5 /* WDZCallLib.h */ = {isa = PBXFileReference; fileEncoding = 4; lastKnownFileType = sourcecode.c.h; path = WDZCallLib.h; sourceTree = "<group>"; };
		D665CEBD250B2233007D98D5 /* WDZCallDB.m */ = {isa = PBXFileReference; fileEncoding = 4; lastKnownFileType = sourcecode.c.objc; path = WDZCallDB.m; sourceTree = "<group>"; };
		D665CEBE250B2233007D98D5 /* WDZCallStack.h */ = {isa = PBXFileReference; fileEncoding = 4; lastKnownFileType = sourcecode.c.h; path = WDZCallStack.h; sourceTree = "<group>"; };
		D665CEBF250B2233007D98D5 /* WDZCPUMonitor.m */ = {isa = PBXFileReference; fileEncoding = 4; lastKnownFileType = sourcecode.c.objc; path = WDZCPUMonitor.m; sourceTree = "<group>"; };
		D665CEC0250B2233007D98D5 /* WDZCallTraceTimeCostModel.m */ = {isa = PBXFileReference; fileEncoding = 4; lastKnownFileType = sourcecode.c.objc; path = WDZCallTraceTimeCostModel.m; sourceTree = "<group>"; };
		D665CEC1250B2233007D98D5 /* fishhook.c */ = {isa = PBXFileReference; fileEncoding = 4; lastKnownFileType = sourcecode.c.c; path = fishhook.c; sourceTree = "<group>"; };
		D665CEC2250B2233007D98D5 /* WDZLagMonitor.h */ = {isa = PBXFileReference; fileEncoding = 4; lastKnownFileType = sourcecode.c.h; path = WDZLagMonitor.h; sourceTree = "<group>"; };
		D665CEC3250B2233007D98D5 /* WDZCallTrace.h */ = {isa = PBXFileReference; fileEncoding = 4; lastKnownFileType = sourcecode.c.h; path = WDZCallTrace.h; sourceTree = "<group>"; };
		D665CEC4250B2233007D98D5 /* WDZCallTraceCore.c */ = {isa = PBXFileReference; fileEncoding = 4; lastKnownFileType = sourcecode.c.c; path = WDZCallTraceCore.c; sourceTree = "<group>"; };
		D665CEC5250B2233007D98D5 /* WDZCallDB.h */ = {isa = PBXFileReference; fileEncoding = 4; lastKnownFileType = sourcecode.c.h; path = WDZCallDB.h; sourceTree = "<group>"; };
		D665CEC6250B2233007D98D5 /* WDZCallLib.m */ = {isa = PBXFileReference; fileEncoding = 4; lastKnownFileType = sourcecode.c.objc; path = WDZCallLib.m; sourceTree = "<group>"; };
		D665CEC7250B2233007D98D5 /* WDZCallStackModel.h */ = {isa = PBXFileReference; fileEncoding = 4; lastKnownFileType = sourcecode.c.h; path = WDZCallStackModel.h; sourceTree = "<group>"; };
		D665CEC8250B2233007D98D5 /* WDZCPUMonitor.h */ = {isa = PBXFileReference; fileEncoding = 4; lastKnownFileType = sourcecode.c.h; path = WDZCPUMonitor.h; sourceTree = "<group>"; };
		D665CEC9250B2233007D98D5 /* fishhook.h */ = {isa = PBXFileReference; fileEncoding = 4; lastKnownFileType = sourcecode.c.h; path = fishhook.h; sourceTree = "<group>"; };
		D665CECA250B2233007D98D5 /* WDZCallTraceTimeCostModel.h */ = {isa = PBXFileReference; fileEncoding = 4; lastKnownFileType = sourcecode.c.h; path = WDZCallTraceTimeCostModel.h; sourceTree = "<group>"; };
		D665CECB250B2233007D98D5 /* WDZCallStack.m */ = {isa = PBXFileReference; fileEncoding = 4; lastKnownFileType = sourcecode.c.objc; path = WDZCallStack.m; sourceTree = "<group>"; };
		D665CECC250B2233007D98D5 /* WDZCallTrace.m */ = {isa = PBXFileReference; fileEncoding = 4; lastKnownFileType = sourcecode.c.objc; path = WDZCallTrace.m; sourceTree = "<group>"; };
		D665CECD250B2233007D98D5 /* WDZLagMonitor.m */ = {isa = PBXFileReference; fileEncoding = 4; lastKnownFileType = sourcecode.c.objc; path = WDZLagMonitor.m; sourceTree = "<group>"; };
		D665CED9250B3E60007D98D5 /* WDZStackCell.h */ = {isa = PBXFileReference; lastKnownFileType = sourcecode.c.h; path = WDZStackCell.h; sourceTree = "<group>"; };
		D665CEDA250B3E60007D98D5 /* WDZStackCell.m */ = {isa = PBXFileReference; lastKnownFileType = sourcecode.c.objc; path = WDZStackCell.m; sourceTree = "<group>"; };
		D665CEDC250B3EF9007D98D5 /* WDZClsCallViewController.m */ = {isa = PBXFileReference; fileEncoding = 4; lastKnownFileType = sourcecode.c.objc; path = WDZClsCallViewController.m; sourceTree = "<group>"; };
		D665CEDD250B3EF9007D98D5 /* WDZStackViewController.m */ = {isa = PBXFileReference; fileEncoding = 4; lastKnownFileType = sourcecode.c.objc; path = WDZStackViewController.m; sourceTree = "<group>"; };
		D665CEDE250B3EF9007D98D5 /* WDZClsCallViewController.h */ = {isa = PBXFileReference; fileEncoding = 4; lastKnownFileType = sourcecode.c.h; path = WDZClsCallViewController.h; sourceTree = "<group>"; };
		D665CEDF250B3EF9007D98D5 /* WDZStackViewController.h */ = {isa = PBXFileReference; fileEncoding = 4; lastKnownFileType = sourcecode.c.h; path = WDZStackViewController.h; sourceTree = "<group>"; };
		D665CEE2250B3F37007D98D5 /* WDZClsCallCell.m */ = {isa = PBXFileReference; fileEncoding = 4; lastKnownFileType = sourcecode.c.objc; path = WDZClsCallCell.m; sourceTree = "<group>"; };
		D665CEE3250B3F37007D98D5 /* WDZClsCallCell.h */ = {isa = PBXFileReference; fileEncoding = 4; lastKnownFileType = sourcecode.c.h; path = WDZClsCallCell.h; sourceTree = "<group>"; };
		D665D27C250B54B7007D98D5 /* UIViewController+clsCall.h */ = {isa = PBXFileReference; fileEncoding = 4; lastKnownFileType = sourcecode.c.h; path = "UIViewController+clsCall.h"; sourceTree = "<group>"; };
		D665D27D250B54B7007D98D5 /* DCHook.m */ = {isa = PBXFileReference; fileEncoding = 4; lastKnownFileType = sourcecode.c.objc; path = DCHook.m; sourceTree = "<group>"; };
		D665D27E250B54B7007D98D5 /* UIViewController+clsCall.m */ = {isa = PBXFileReference; fileEncoding = 4; lastKnownFileType = sourcecode.c.objc; path = "UIViewController+clsCall.m"; sourceTree = "<group>"; };
		D665D27F250B54B7007D98D5 /* DCHook.h */ = {isa = PBXFileReference; fileEncoding = 4; lastKnownFileType = sourcecode.c.h; path = DCHook.h; sourceTree = "<group>"; };
		D66FCB2125122EDE004BEFAC /* DKCallTraceCore.h */ = {isa = PBXFileReference; lastKnownFileType = sourcecode.c.h; path = DKCallTraceCore.h; sourceTree = "<group>"; };
		D66FCB2225122EDE004BEFAC /* DKCallTraceCore.c */ = {isa = PBXFileReference; lastKnownFileType = sourcecode.c.c; path = DKCallTraceCore.c; sourceTree = "<group>"; };
/* End PBXFileReference section */

/* Begin PBXFrameworksBuildPhase section */
		AAFFB81B24FD1A430081A2B9 /* Frameworks */ = {
			isa = PBXFrameworksBuildPhase;
			buildActionMask = 2147483647;
			files = (
				AAFFB90B24FD1AA60081A2B9 /* libavfilter.a in Frameworks */,
				AAFFB90D24FD1AA60081A2B9 /* libpostproc.a in Frameworks */,
				AAFFB90A24FD1AA60081A2B9 /* libavutil.a in Frameworks */,
				AAFFB90E24FD1AA60081A2B9 /* libavformat.a in Frameworks */,
				AAFFB91124FD1AA70081A2B9 /* libswscale.a in Frameworks */,
				AAFFB90F24FD1AA60081A2B9 /* libavdevice.a in Frameworks */,
				AAFFB91024FD1AA60081A2B9 /* libswresample.a in Frameworks */,
				AAFFB90C24FD1AA60081A2B9 /* libavcodec.a in Frameworks */,
				66A87D108D8A3943240AC1F8 /* Pods_DKPlayer.framework in Frameworks */,
			);
			runOnlyForDeploymentPostprocessing = 0;
		};
		AAFFB83624FD1A450081A2B9 /* Frameworks */ = {
			isa = PBXFrameworksBuildPhase;
			buildActionMask = 2147483647;
			files = (
			);
			runOnlyForDeploymentPostprocessing = 0;
		};
		AAFFB84124FD1A450081A2B9 /* Frameworks */ = {
			isa = PBXFrameworksBuildPhase;
			buildActionMask = 2147483647;
			files = (
			);
			runOnlyForDeploymentPostprocessing = 0;
		};
/* End PBXFrameworksBuildPhase section */

/* Begin PBXGroup section */
		4D363136F9CC268AB2679740 /* Pods */ = {
			isa = PBXGroup;
			children = (
				D457D1E4103795225FF01416 /* Pods-DKPlayer.debug.xcconfig */,
				D61AF44873D316775FE07579 /* Pods-DKPlayer.release.xcconfig */,
			);
			path = Pods;
			sourceTree = "<group>";
		};
		62CCC14360D0EA0762DCB98C /* Frameworks */ = {
			isa = PBXGroup;
			children = (
				6F1E47485B15DC85096BD4B7 /* Pods_DKPlayer.framework */,
			);
			name = Frameworks;
			sourceTree = "<group>";
		};
		AAFFB81524FD1A430081A2B9 = {
			isa = PBXGroup;
			children = (
				AAFFB82024FD1A430081A2B9 /* DKPlayer */,
				AAFFB83C24FD1A450081A2B9 /* DKPlayerTests */,
				AAFFB84724FD1A450081A2B9 /* DKPlayerUITests */,
				AAFFB81F24FD1A430081A2B9 /* Products */,
				4D363136F9CC268AB2679740 /* Pods */,
				62CCC14360D0EA0762DCB98C /* Frameworks */,
			);
			sourceTree = "<group>";
		};
		AAFFB81F24FD1A430081A2B9 /* Products */ = {
			isa = PBXGroup;
			children = (
				AAFFB81E24FD1A430081A2B9 /* DKPlayer.app */,
				AAFFB83924FD1A450081A2B9 /* DKPlayerTests.xctest */,
				AAFFB84424FD1A450081A2B9 /* DKPlayerUITests.xctest */,
			);
			name = Products;
			sourceTree = "<group>";
		};
		AAFFB82024FD1A430081A2B9 /* DKPlayer */ = {
			isa = PBXGroup;
			children = (
				D6579F2424FE23B000ED1C9F /* Tool */,
				AAFFB85624FD1A8D0081A2B9 /* SDK */,
				AAFFB82124FD1A430081A2B9 /* AppDelegate.h */,
				AAFFB82224FD1A430081A2B9 /* AppDelegate.m */,
				AAFFB82724FD1A430081A2B9 /* ViewController.h */,
				AAFFB82824FD1A430081A2B9 /* ViewController.m */,
				AAFFB82A24FD1A430081A2B9 /* Main.storyboard */,
				AAFFB82D24FD1A440081A2B9 /* Assets.xcassets */,
				AAFFB82F24FD1A440081A2B9 /* LaunchScreen.storyboard */,
				AAFFB83224FD1A440081A2B9 /* Info.plist */,
				AAFFB83324FD1A440081A2B9 /* main.m */,
			);
			path = DKPlayer;
			sourceTree = "<group>";
		};
		AAFFB83C24FD1A450081A2B9 /* DKPlayerTests */ = {
			isa = PBXGroup;
			children = (
				AAFFB83D24FD1A450081A2B9 /* DKPlayerTests.m */,
				AAFFB83F24FD1A450081A2B9 /* Info.plist */,
			);
			path = DKPlayerTests;
			sourceTree = "<group>";
		};
		AAFFB84724FD1A450081A2B9 /* DKPlayerUITests */ = {
			isa = PBXGroup;
			children = (
				AAFFB84824FD1A450081A2B9 /* DKPlayerUITests.m */,
				AAFFB84A24FD1A450081A2B9 /* Info.plist */,
			);
			path = DKPlayerUITests;
			sourceTree = "<group>";
		};
		AAFFB85624FD1A8D0081A2B9 /* SDK */ = {
			isa = PBXGroup;
			children = (
				AAFFB85724FD1AA60081A2B9 /* FFmpge */,
			);
			path = SDK;
			sourceTree = "<group>";
		};
		AAFFB85724FD1AA60081A2B9 /* FFmpge */ = {
			isa = PBXGroup;
			children = (
				AAFFB85824FD1AA60081A2B9 /* include */,
				AAFFB8D424FD1AA60081A2B9 /* lib */,
			);
			path = FFmpge;
			sourceTree = "<group>";
		};
		AAFFB85824FD1AA60081A2B9 /* include */ = {
			isa = PBXGroup;
			children = (
				AAFFB85924FD1AA60081A2B9 /* libpostproc */,
				AAFFB85C24FD1AA60081A2B9 /* libavfilter */,
				AAFFB86124FD1AA60081A2B9 /* libavutil */,
				AAFFB8B424FD1AA60081A2B9 /* libavdevice */,
				AAFFB8B724FD1AA60081A2B9 /* libavformat */,
				AAFFB8BB24FD1AA60081A2B9 /* libswscale */,
				AAFFB8BE24FD1AA60081A2B9 /* libavcodec */,
				AAFFB8D124FD1AA60081A2B9 /* libswresample */,
			);
			path = include;
			sourceTree = "<group>";
		};
		AAFFB85924FD1AA60081A2B9 /* libpostproc */ = {
			isa = PBXGroup;
			children = (
				AAFFB85A24FD1AA60081A2B9 /* version.h */,
				AAFFB85B24FD1AA60081A2B9 /* postprocess.h */,
			);
			path = libpostproc;
			sourceTree = "<group>";
		};
		AAFFB85C24FD1AA60081A2B9 /* libavfilter */ = {
			isa = PBXGroup;
			children = (
				AAFFB85D24FD1AA60081A2B9 /* version.h */,
				AAFFB85E24FD1AA60081A2B9 /* buffersrc.h */,
				AAFFB85F24FD1AA60081A2B9 /* buffersink.h */,
				AAFFB86024FD1AA60081A2B9 /* avfilter.h */,
			);
			path = libavfilter;
			sourceTree = "<group>";
		};
		AAFFB86124FD1AA60081A2B9 /* libavutil */ = {
			isa = PBXGroup;
			children = (
				AAFFB86224FD1AA60081A2B9 /* hwcontext.h */,
				AAFFB86324FD1AA60081A2B9 /* time.h */,
				AAFFB86424FD1AA60081A2B9 /* hwcontext_cuda.h */,
				AAFFB86524FD1AA60081A2B9 /* intfloat.h */,
				AAFFB86624FD1AA60081A2B9 /* error.h */,
				AAFFB86724FD1AA60081A2B9 /* fifo.h */,
				AAFFB86824FD1AA60081A2B9 /* blowfish.h */,
				AAFFB86924FD1AA60081A2B9 /* hwcontext_mediacodec.h */,
				AAFFB86A24FD1AA60081A2B9 /* replaygain.h */,
				AAFFB86B24FD1AA60081A2B9 /* version.h */,
				AAFFB86C24FD1AA60081A2B9 /* murmur3.h */,
				AAFFB86D24FD1AA60081A2B9 /* stereo3d.h */,
				AAFFB86E24FD1AA60081A2B9 /* samplefmt.h */,
				AAFFB86F24FD1AA60081A2B9 /* pixdesc.h */,
				AAFFB87024FD1AA60081A2B9 /* base64.h */,
				AAFFB87124FD1AA60081A2B9 /* rational.h */,
				AAFFB87224FD1AA60081A2B9 /* sha.h */,
				AAFFB87324FD1AA60081A2B9 /* motion_vector.h */,
				AAFFB87424FD1AA60081A2B9 /* avconfig.h */,
				AAFFB87524FD1AA60081A2B9 /* lfg.h */,
				AAFFB87624FD1AA60081A2B9 /* avutil.h */,
				AAFFB87724FD1AA60081A2B9 /* xtea.h */,
				AAFFB87824FD1AA60081A2B9 /* crc.h */,
				AAFFB87924FD1AA60081A2B9 /* hwcontext_vdpau.h */,
				AAFFB87A24FD1AA60081A2B9 /* frame.h */,
				AAFFB87B24FD1AA60081A2B9 /* file.h */,
				AAFFB87C24FD1AA60081A2B9 /* md5.h */,
				AAFFB87D24FD1AA60081A2B9 /* cast5.h */,
				AAFFB87E24FD1AA60081A2B9 /* hwcontext_vaapi.h */,
				AAFFB87F24FD1AA60081A2B9 /* spherical.h */,
				AAFFB88024FD1AA60081A2B9 /* ffversion.h */,
				AAFFB88124FD1AA60081A2B9 /* audio_fifo.h */,
				AAFFB88224FD1AA60081A2B9 /* tree.h */,
				AAFFB88324FD1AA60081A2B9 /* threadmessage.h */,
				AAFFB88424FD1AA60081A2B9 /* attributes.h */,
				AAFFB88524FD1AA60081A2B9 /* adler32.h */,
				AAFFB88624FD1AA60081A2B9 /* hwcontext_d3d11va.h */,
				AAFFB88724FD1AA60081A2B9 /* timecode.h */,
				AAFFB88824FD1AA60081A2B9 /* tx.h */,
				AAFFB88924FD1AA60081A2B9 /* sha512.h */,
				AAFFB88A24FD1AA60081A2B9 /* hwcontext_dxva2.h */,
				AAFFB88B24FD1AA60081A2B9 /* display.h */,
				AAFFB88C24FD1AA60081A2B9 /* buffer.h */,
				AAFFB88D24FD1AA60081A2B9 /* camellia.h */,
				AAFFB88E24FD1AA60081A2B9 /* pixelutils.h */,
				AAFFB88F24FD1AA60081A2B9 /* hwcontext_drm.h */,
				AAFFB89024FD1AA60081A2B9 /* common.h */,
				AAFFB89124FD1AA60081A2B9 /* hmac.h */,
				AAFFB89224FD1AA60081A2B9 /* eval.h */,
				AAFFB89324FD1AA60081A2B9 /* dict.h */,
				AAFFB89424FD1AA60081A2B9 /* random_seed.h */,
				AAFFB89524FD1AA60081A2B9 /* opt.h */,
				AAFFB89624FD1AA60081A2B9 /* mastering_display_metadata.h */,
				AAFFB89724FD1AA60081A2B9 /* log.h */,
				AAFFB89824FD1AA60081A2B9 /* aes.h */,
				AAFFB89924FD1AA60081A2B9 /* macros.h */,
				AAFFB89A24FD1AA60081A2B9 /* bswap.h */,
				AAFFB89B24FD1AA60081A2B9 /* rc4.h */,
				AAFFB89C24FD1AA60081A2B9 /* tea.h */,
				AAFFB89D24FD1AA60081A2B9 /* cpu.h */,
				AAFFB89E24FD1AA60081A2B9 /* lzo.h */,
				AAFFB89F24FD1AA60081A2B9 /* des.h */,
				AAFFB8A024FD1AA60081A2B9 /* channel_layout.h */,
				AAFFB8A124FD1AA60081A2B9 /* encryption_info.h */,
				AAFFB8A224FD1AA60081A2B9 /* twofish.h */,
				AAFFB8A324FD1AA60081A2B9 /* imgutils.h */,
				AAFFB8A424FD1AA60081A2B9 /* hwcontext_videotoolbox.h */,
				AAFFB8A524FD1AA60081A2B9 /* mem.h */,
				AAFFB8A624FD1AA60081A2B9 /* parseutils.h */,
				AAFFB8A724FD1AA60081A2B9 /* ripemd.h */,
				AAFFB8A824FD1AA60081A2B9 /* bprint.h */,
				AAFFB8A924FD1AA60081A2B9 /* hdr_dynamic_metadata.h */,
				AAFFB8AA24FD1AA60081A2B9 /* hwcontext_qsv.h */,
				AAFFB8AB24FD1AA60081A2B9 /* pixfmt.h */,
				AAFFB8AC24FD1AA60081A2B9 /* aes_ctr.h */,
				AAFFB8AD24FD1AA60081A2B9 /* timestamp.h */,
				AAFFB8AE24FD1AA60081A2B9 /* downmix_info.h */,
				AAFFB8AF24FD1AA60081A2B9 /* avassert.h */,
				AAFFB8B024FD1AA60081A2B9 /* hash.h */,
				AAFFB8B124FD1AA60081A2B9 /* mathematics.h */,
				AAFFB8B224FD1AA60081A2B9 /* intreadwrite.h */,
				AAFFB8B324FD1AA60081A2B9 /* avstring.h */,
			);
			path = libavutil;
			sourceTree = "<group>";
		};
		AAFFB8B424FD1AA60081A2B9 /* libavdevice */ = {
			isa = PBXGroup;
			children = (
				AAFFB8B524FD1AA60081A2B9 /* version.h */,
				AAFFB8B624FD1AA60081A2B9 /* avdevice.h */,
			);
			path = libavdevice;
			sourceTree = "<group>";
		};
		AAFFB8B724FD1AA60081A2B9 /* libavformat */ = {
			isa = PBXGroup;
			children = (
				AAFFB8B824FD1AA60081A2B9 /* version.h */,
				AAFFB8B924FD1AA60081A2B9 /* avio.h */,
				AAFFB8BA24FD1AA60081A2B9 /* avformat.h */,
			);
			path = libavformat;
			sourceTree = "<group>";
		};
		AAFFB8BB24FD1AA60081A2B9 /* libswscale */ = {
			isa = PBXGroup;
			children = (
				AAFFB8BC24FD1AA60081A2B9 /* version.h */,
				AAFFB8BD24FD1AA60081A2B9 /* swscale.h */,
			);
			path = libswscale;
			sourceTree = "<group>";
		};
		AAFFB8BE24FD1AA60081A2B9 /* libavcodec */ = {
			isa = PBXGroup;
			children = (
				AAFFB8BF24FD1AA60081A2B9 /* adts_parser.h */,
				AAFFB8C024FD1AA60081A2B9 /* avcodec.h */,
				AAFFB8C124FD1AA60081A2B9 /* version.h */,
				AAFFB8C224FD1AA60081A2B9 /* vdpau.h */,
				AAFFB8C324FD1AA60081A2B9 /* qsv.h */,
				AAFFB8C424FD1AA60081A2B9 /* vaapi.h */,
				AAFFB8C524FD1AA60081A2B9 /* videotoolbox.h */,
				AAFFB8C624FD1AA60081A2B9 /* xvmc.h */,
				AAFFB8C724FD1AA60081A2B9 /* mediacodec.h */,
				AAFFB8C824FD1AA60081A2B9 /* d3d11va.h */,
				AAFFB8C924FD1AA60081A2B9 /* avfft.h */,
				AAFFB8CA24FD1AA60081A2B9 /* jni.h */,
				AAFFB8CB24FD1AA60081A2B9 /* dirac.h */,
				AAFFB8CC24FD1AA60081A2B9 /* avdct.h */,
				AAFFB8CD24FD1AA60081A2B9 /* ac3_parser.h */,
				AAFFB8CE24FD1AA60081A2B9 /* vorbis_parser.h */,
				AAFFB8CF24FD1AA60081A2B9 /* dxva2.h */,
				AAFFB8D024FD1AA60081A2B9 /* dv_profile.h */,
			);
			path = libavcodec;
			sourceTree = "<group>";
		};
		AAFFB8D124FD1AA60081A2B9 /* libswresample */ = {
			isa = PBXGroup;
			children = (
				AAFFB8D224FD1AA60081A2B9 /* version.h */,
				AAFFB8D324FD1AA60081A2B9 /* swresample.h */,
			);
			path = libswresample;
			sourceTree = "<group>";
		};
		AAFFB8D424FD1AA60081A2B9 /* lib */ = {
			isa = PBXGroup;
			children = (
				AAFFB8D524FD1AA60081A2B9 /* pkgconfig */,
				AAFFB8DE24FD1AA60081A2B9 /* libavutil.a */,
				AAFFB8DF24FD1AA60081A2B9 /* libavfilter.a */,
				AAFFB8E024FD1AA60081A2B9 /* libavcodec.a */,
				AAFFB8E124FD1AA60081A2B9 /* libpostproc.a */,
				AAFFB8E224FD1AA60081A2B9 /* libavformat.a */,
				AAFFB8E324FD1AA60081A2B9 /* libavdevice.a */,
				AAFFB8E424FD1AA60081A2B9 /* libswresample.a */,
				AAFFB8E524FD1AA60081A2B9 /* libswscale.a */,
			);
			path = lib;
			sourceTree = "<group>";
		};
		AAFFB8D524FD1AA60081A2B9 /* pkgconfig */ = {
			isa = PBXGroup;
			children = (
				AAFFB8D624FD1AA60081A2B9 /* libswscale.pc */,
				AAFFB8D724FD1AA60081A2B9 /* libswresample.pc */,
				AAFFB8D824FD1AA60081A2B9 /* libavdevice.pc */,
				AAFFB8D924FD1AA60081A2B9 /* libavcodec.pc */,
				AAFFB8DA24FD1AA60081A2B9 /* libavformat.pc */,
				AAFFB8DB24FD1AA60081A2B9 /* libavutil.pc */,
				AAFFB8DC24FD1AA60081A2B9 /* libavfilter.pc */,
				AAFFB8DD24FD1AA60081A2B9 /* libpostproc.pc */,
			);
			path = pkgconfig;
			sourceTree = "<group>";
		};
		D6579F2424FE23B000ED1C9F /* Tool */ = {
			isa = PBXGroup;
			children = (
				D69A403D2508DCAF00657CDA /* CPUMonitor */,
				D6579F2524FE23B700ED1C9F /* Promise */,
			);
			path = Tool;
			sourceTree = "<group>";
		};
		D6579F2524FE23B700ED1C9F /* Promise */ = {
			isa = PBXGroup;
			children = (
				D6579F2824FE23B700ED1C9F /* DKPromise.h */,
				D6579F3724FE23B700ED1C9F /* DKPromise.m */,
				D6579F3C24FE23B700ED1C9F /* DKPromise+All.h */,
				D6579F2E24FE23B700ED1C9F /* DKPromise+All.m */,
				D6579F3924FE23B700ED1C9F /* DKPromise+Always.h */,
				D6579F2C24FE23B700ED1C9F /* DKPromise+Always.m */,
				D6579F2D24FE23B700ED1C9F /* DKPromise+Any.h */,
				D6579F3824FE23B700ED1C9F /* DKPromise+Any.m */,
				D6579F3B24FE23B700ED1C9F /* DKPromise+Async.h */,
				D6579F2F24FE23B700ED1C9F /* DKPromise+Async.m */,
				D6579F2724FE23B700ED1C9F /* DKPromise+Catch.h */,
				D6579F3124FE23B700ED1C9F /* DKPromise+Catch.m */,
				D6579F3624FE23B700ED1C9F /* DKPromise+Delay.h */,
				D6579F2924FE23B700ED1C9F /* DKPromise+Delay.m */,
				D6579F2A24FE23B700ED1C9F /* DKPromise+Do.h */,
				D6579F3424FE23B700ED1C9F /* DKPromise+Do.m */,
				D6579F3324FE23B700ED1C9F /* DKPromise+Retry.h */,
				D6579F2624FE23B700ED1C9F /* DKPromise+Retry.m */,
				D6579F3A24FE23B700ED1C9F /* DKPromise+Then.h */,
				D6579F3024FE23B700ED1C9F /* DKPromise+Then.m */,
				D6579F3524FE23B700ED1C9F /* DKPromise+Timeout.h */,
				D6579F2B24FE23B700ED1C9F /* DKPromise+Timeout.m */,
				D6579F3224FE23B700ED1C9F /* DKPromiseHeader.h */,
			);
			path = Promise;
			sourceTree = "<group>";
		};
		D665CEB9250B2233007D98D5 /* Monitor */ = {
			isa = PBXGroup;
			children = (
				D665CEC1250B2233007D98D5 /* fishhook.c */,
				D665CEC9250B2233007D98D5 /* fishhook.h */,
				D665CEC5250B2233007D98D5 /* WDZCallDB.h */,
				D665CEBD250B2233007D98D5 /* WDZCallDB.m */,
				D665CEBC250B2233007D98D5 /* WDZCallLib.h */,
				D665CEC6250B2233007D98D5 /* WDZCallLib.m */,
				D665CEBE250B2233007D98D5 /* WDZCallStack.h */,
				D665CECB250B2233007D98D5 /* WDZCallStack.m */,
				D665CEC7250B2233007D98D5 /* WDZCallStackModel.h */,
				D665CEBB250B2233007D98D5 /* WDZCallStackModel.m */,
				D665CEC3250B2233007D98D5 /* WDZCallTrace.h */,
				D665CECC250B2233007D98D5 /* WDZCallTrace.m */,
				D665CEC4250B2233007D98D5 /* WDZCallTraceCore.c */,
				D665CEBA250B2233007D98D5 /* WDZCallTraceCore.h */,
				D665CECA250B2233007D98D5 /* WDZCallTraceTimeCostModel.h */,
				D665CEC0250B2233007D98D5 /* WDZCallTraceTimeCostModel.m */,
				D665CEC8250B2233007D98D5 /* WDZCPUMonitor.h */,
				D665CEBF250B2233007D98D5 /* WDZCPUMonitor.m */,
				D665CEC2250B2233007D98D5 /* WDZLagMonitor.h */,
				D665CECD250B2233007D98D5 /* WDZLagMonitor.m */,
				D66FCB2125122EDE004BEFAC /* DKCallTraceCore.h */,
				D66FCB2225122EDE004BEFAC /* DKCallTraceCore.c */,
			);
			path = Monitor;
			sourceTree = "<group>";
		};
		D665CECE250B2233007D98D5 /* View */ = {
			isa = PBXGroup;
			children = (
				D665CEE3250B3F37007D98D5 /* WDZClsCallCell.h */,
				D665CEE2250B3F37007D98D5 /* WDZClsCallCell.m */,
				D665CEDE250B3EF9007D98D5 /* WDZClsCallViewController.h */,
				D665CEDC250B3EF9007D98D5 /* WDZClsCallViewController.m */,
				D665CEDF250B3EF9007D98D5 /* WDZStackViewController.h */,
				D665CEDD250B3EF9007D98D5 /* WDZStackViewController.m */,
				D665CED9250B3E60007D98D5 /* WDZStackCell.h */,
				D665CEDA250B3E60007D98D5 /* WDZStackCell.m */,
			);
			path = View;
			sourceTree = "<group>";
		};
		D665D27B250B54B7007D98D5 /* Hook */ = {
			isa = PBXGroup;
			children = (
				D665D27F250B54B7007D98D5 /* DCHook.h */,
				D665D27D250B54B7007D98D5 /* DCHook.m */,
				D665D27C250B54B7007D98D5 /* UIViewController+clsCall.h */,
				D665D27E250B54B7007D98D5 /* UIViewController+clsCall.m */,
			);
			path = Hook;
			sourceTree = "<group>";
		};
		D69A403D2508DCAF00657CDA /* CPUMonitor */ = {
			isa = PBXGroup;
			children = (
				D665D27B250B54B7007D98D5 /* Hook */,
				D665CEB9250B2233007D98D5 /* Monitor */,
				D665CECE250B2233007D98D5 /* View */,
			);
			path = CPUMonitor;
			sourceTree = "<group>";
		};
/* End PBXGroup section */

/* Begin PBXNativeTarget section */
		AAFFB81D24FD1A430081A2B9 /* DKPlayer */ = {
			isa = PBXNativeTarget;
			buildConfigurationList = AAFFB84D24FD1A450081A2B9 /* Build configuration list for PBXNativeTarget "DKPlayer" */;
			buildPhases = (
				6D7FE5A8617AC870B1C42299 /* [CP] Check Pods Manifest.lock */,
				AAFFB81A24FD1A430081A2B9 /* Sources */,
				AAFFB81B24FD1A430081A2B9 /* Frameworks */,
				AAFFB81C24FD1A430081A2B9 /* Resources */,
				7D5ECD895F9B8A96898CD09A /* [CP] Embed Pods Frameworks */,
			);
			buildRules = (
			);
			dependencies = (
			);
			name = DKPlayer;
			productName = DKPlayer;
			productReference = AAFFB81E24FD1A430081A2B9 /* DKPlayer.app */;
			productType = "com.apple.product-type.application";
		};
		AAFFB83824FD1A450081A2B9 /* DKPlayerTests */ = {
			isa = PBXNativeTarget;
			buildConfigurationList = AAFFB85024FD1A450081A2B9 /* Build configuration list for PBXNativeTarget "DKPlayerTests" */;
			buildPhases = (
				AAFFB83524FD1A450081A2B9 /* Sources */,
				AAFFB83624FD1A450081A2B9 /* Frameworks */,
				AAFFB83724FD1A450081A2B9 /* Resources */,
			);
			buildRules = (
			);
			dependencies = (
				AAFFB83B24FD1A450081A2B9 /* PBXTargetDependency */,
			);
			name = DKPlayerTests;
			productName = DKPlayerTests;
			productReference = AAFFB83924FD1A450081A2B9 /* DKPlayerTests.xctest */;
			productType = "com.apple.product-type.bundle.unit-test";
		};
		AAFFB84324FD1A450081A2B9 /* DKPlayerUITests */ = {
			isa = PBXNativeTarget;
			buildConfigurationList = AAFFB85324FD1A450081A2B9 /* Build configuration list for PBXNativeTarget "DKPlayerUITests" */;
			buildPhases = (
				AAFFB84024FD1A450081A2B9 /* Sources */,
				AAFFB84124FD1A450081A2B9 /* Frameworks */,
				AAFFB84224FD1A450081A2B9 /* Resources */,
			);
			buildRules = (
			);
			dependencies = (
				AAFFB84624FD1A450081A2B9 /* PBXTargetDependency */,
			);
			name = DKPlayerUITests;
			productName = DKPlayerUITests;
			productReference = AAFFB84424FD1A450081A2B9 /* DKPlayerUITests.xctest */;
			productType = "com.apple.product-type.bundle.ui-testing";
		};
/* End PBXNativeTarget section */

/* Begin PBXProject section */
		AAFFB81624FD1A430081A2B9 /* Project object */ = {
			isa = PBXProject;
			attributes = {
				LastUpgradeCheck = 1140;
				ORGANIZATIONNAME = "丁侃";
				TargetAttributes = {
					AAFFB81D24FD1A430081A2B9 = {
						CreatedOnToolsVersion = 11.4;
					};
					AAFFB83824FD1A450081A2B9 = {
						CreatedOnToolsVersion = 11.4;
						TestTargetID = AAFFB81D24FD1A430081A2B9;
					};
					AAFFB84324FD1A450081A2B9 = {
						CreatedOnToolsVersion = 11.4;
						TestTargetID = AAFFB81D24FD1A430081A2B9;
					};
				};
			};
			buildConfigurationList = AAFFB81924FD1A430081A2B9 /* Build configuration list for PBXProject "DKPlayer" */;
			compatibilityVersion = "Xcode 9.3";
			developmentRegion = en;
			hasScannedForEncodings = 0;
			knownRegions = (
				en,
				Base,
			);
			mainGroup = AAFFB81524FD1A430081A2B9;
			productRefGroup = AAFFB81F24FD1A430081A2B9 /* Products */;
			projectDirPath = "";
			projectRoot = "";
			targets = (
				AAFFB81D24FD1A430081A2B9 /* DKPlayer */,
				AAFFB83824FD1A450081A2B9 /* DKPlayerTests */,
				AAFFB84324FD1A450081A2B9 /* DKPlayerUITests */,
			);
		};
/* End PBXProject section */

/* Begin PBXResourcesBuildPhase section */
		AAFFB81C24FD1A430081A2B9 /* Resources */ = {
			isa = PBXResourcesBuildPhase;
			buildActionMask = 2147483647;
			files = (
				AAFFB83124FD1A440081A2B9 /* LaunchScreen.storyboard in Resources */,
				AAFFB90824FD1AA60081A2B9 /* libavfilter.pc in Resources */,
				AAFFB90424FD1AA60081A2B9 /* libavdevice.pc in Resources */,
				AAFFB90324FD1AA60081A2B9 /* libswresample.pc in Resources */,
				AAFFB82E24FD1A440081A2B9 /* Assets.xcassets in Resources */,
				AAFFB82C24FD1A430081A2B9 /* Main.storyboard in Resources */,
				AAFFB90224FD1AA60081A2B9 /* libswscale.pc in Resources */,
				AAFFB90724FD1AA60081A2B9 /* libavutil.pc in Resources */,
				AAFFB90624FD1AA60081A2B9 /* libavformat.pc in Resources */,
				AAFFB90924FD1AA60081A2B9 /* libpostproc.pc in Resources */,
				AAFFB90524FD1AA60081A2B9 /* libavcodec.pc in Resources */,
			);
			runOnlyForDeploymentPostprocessing = 0;
		};
		AAFFB83724FD1A450081A2B9 /* Resources */ = {
			isa = PBXResourcesBuildPhase;
			buildActionMask = 2147483647;
			files = (
			);
			runOnlyForDeploymentPostprocessing = 0;
		};
		AAFFB84224FD1A450081A2B9 /* Resources */ = {
			isa = PBXResourcesBuildPhase;
			buildActionMask = 2147483647;
			files = (
			);
			runOnlyForDeploymentPostprocessing = 0;
		};
/* End PBXResourcesBuildPhase section */

/* Begin PBXShellScriptBuildPhase section */
		6D7FE5A8617AC870B1C42299 /* [CP] Check Pods Manifest.lock */ = {
			isa = PBXShellScriptBuildPhase;
			buildActionMask = 2147483647;
			files = (
			);
			inputFileListPaths = (
			);
			inputPaths = (
				"${PODS_PODFILE_DIR_PATH}/Podfile.lock",
				"${PODS_ROOT}/Manifest.lock",
			);
			name = "[CP] Check Pods Manifest.lock";
			outputFileListPaths = (
			);
			outputPaths = (
				"$(DERIVED_FILE_DIR)/Pods-DKPlayer-checkManifestLockResult.txt",
			);
			runOnlyForDeploymentPostprocessing = 0;
			shellPath = /bin/sh;
			shellScript = "diff \"${PODS_PODFILE_DIR_PATH}/Podfile.lock\" \"${PODS_ROOT}/Manifest.lock\" > /dev/null\nif [ $? != 0 ] ; then\n    # print error to STDERR\n    echo \"error: The sandbox is not in sync with the Podfile.lock. Run 'pod install' or update your CocoaPods installation.\" >&2\n    exit 1\nfi\n# This output is used by Xcode 'outputs' to avoid re-running this script phase.\necho \"SUCCESS\" > \"${SCRIPT_OUTPUT_FILE_0}\"\n";
			showEnvVarsInLog = 0;
		};
		7D5ECD895F9B8A96898CD09A /* [CP] Embed Pods Frameworks */ = {
			isa = PBXShellScriptBuildPhase;
			buildActionMask = 2147483647;
			files = (
			);
			inputFileListPaths = (
				"${PODS_ROOT}/Target Support Files/Pods-DKPlayer/Pods-DKPlayer-frameworks-${CONFIGURATION}-input-files.xcfilelist",
			);
			name = "[CP] Embed Pods Frameworks";
			outputFileListPaths = (
				"${PODS_ROOT}/Target Support Files/Pods-DKPlayer/Pods-DKPlayer-frameworks-${CONFIGURATION}-output-files.xcfilelist",
			);
			runOnlyForDeploymentPostprocessing = 0;
			shellPath = /bin/sh;
			shellScript = "\"${PODS_ROOT}/Target Support Files/Pods-DKPlayer/Pods-DKPlayer-frameworks.sh\"\n";
			showEnvVarsInLog = 0;
		};
/* End PBXShellScriptBuildPhase section */

/* Begin PBXSourcesBuildPhase section */
		AAFFB81A24FD1A430081A2B9 /* Sources */ = {
			isa = PBXSourcesBuildPhase;
			buildActionMask = 2147483647;
			files = (
				AAFFB82924FD1A430081A2B9 /* ViewController.m in Sources */,
				D665CEE0250B3EF9007D98D5 /* WDZClsCallViewController.m in Sources */,
				D665CECF250B2233007D98D5 /* WDZCallStackModel.m in Sources */,
				D665CED4250B2233007D98D5 /* WDZCallTraceCore.c in Sources */,
				D66FCB2325122EDE004BEFAC /* DKCallTraceCore.c in Sources */,
				AAFFB82324FD1A430081A2B9 /* AppDelegate.m in Sources */,
				D6579F3F24FE23B700ED1C9F /* DKPromise+Timeout.m in Sources */,
				D6579F4224FE23B700ED1C9F /* DKPromise+Async.m in Sources */,
				D665D280250B54B7007D98D5 /* DCHook.m in Sources */,
				D6579F4424FE23B700ED1C9F /* DKPromise+Catch.m in Sources */,
				D665CEDB250B3E60007D98D5 /* WDZStackCell.m in Sources */,
				D665CED2250B2233007D98D5 /* WDZCallTraceTimeCostModel.m in Sources */,
				D665CED7250B2233007D98D5 /* WDZCallTrace.m in Sources */,
				D6579F4524FE23B700ED1C9F /* DKPromise+Do.m in Sources */,
				D665CEE4250B3F37007D98D5 /* WDZClsCallCell.m in Sources */,
				D6579F4724FE23B700ED1C9F /* DKPromise+Any.m in Sources */,
				D6579F4124FE23B700ED1C9F /* DKPromise+All.m in Sources */,
				AAFFB83424FD1A440081A2B9 /* main.m in Sources */,
				D665D281250B54B7007D98D5 /* UIViewController+clsCall.m in Sources */,
				D6579F4624FE23B700ED1C9F /* DKPromise.m in Sources */,
				D6579F3D24FE23B700ED1C9F /* DKPromise+Retry.m in Sources */,
				D665CED6250B2233007D98D5 /* WDZCallStack.m in Sources */,
				D6579F3E24FE23B700ED1C9F /* DKPromise+Delay.m in Sources */,
				D665CED3250B2233007D98D5 /* fishhook.c in Sources */,
				D665CED8250B2233007D98D5 /* WDZLagMonitor.m in Sources */,
				D665CED5250B2233007D98D5 /* WDZCallLib.m in Sources */,
				D6579F4024FE23B700ED1C9F /* DKPromise+Always.m in Sources */,
				D665CED0250B2233007D98D5 /* WDZCallDB.m in Sources */,
				D6579F4324FE23B700ED1C9F /* DKPromise+Then.m in Sources */,
				D665CEE1250B3EF9007D98D5 /* WDZStackViewController.m in Sources */,
				D665CED1250B2233007D98D5 /* WDZCPUMonitor.m in Sources */,
			);
			runOnlyForDeploymentPostprocessing = 0;
		};
		AAFFB83524FD1A450081A2B9 /* Sources */ = {
			isa = PBXSourcesBuildPhase;
			buildActionMask = 2147483647;
			files = (
				AAFFB83E24FD1A450081A2B9 /* DKPlayerTests.m in Sources */,
			);
			runOnlyForDeploymentPostprocessing = 0;
		};
		AAFFB84024FD1A450081A2B9 /* Sources */ = {
			isa = PBXSourcesBuildPhase;
			buildActionMask = 2147483647;
			files = (
				AAFFB84924FD1A450081A2B9 /* DKPlayerUITests.m in Sources */,
			);
			runOnlyForDeploymentPostprocessing = 0;
		};
/* End PBXSourcesBuildPhase section */

/* Begin PBXTargetDependency section */
		AAFFB83B24FD1A450081A2B9 /* PBXTargetDependency */ = {
			isa = PBXTargetDependency;
			target = AAFFB81D24FD1A430081A2B9 /* DKPlayer */;
			targetProxy = AAFFB83A24FD1A450081A2B9 /* PBXContainerItemProxy */;
		};
		AAFFB84624FD1A450081A2B9 /* PBXTargetDependency */ = {
			isa = PBXTargetDependency;
			target = AAFFB81D24FD1A430081A2B9 /* DKPlayer */;
			targetProxy = AAFFB84524FD1A450081A2B9 /* PBXContainerItemProxy */;
		};
/* End PBXTargetDependency section */

/* Begin PBXVariantGroup section */
		AAFFB82A24FD1A430081A2B9 /* Main.storyboard */ = {
			isa = PBXVariantGroup;
			children = (
				AAFFB82B24FD1A430081A2B9 /* Base */,
			);
			name = Main.storyboard;
			sourceTree = "<group>";
		};
		AAFFB82F24FD1A440081A2B9 /* LaunchScreen.storyboard */ = {
			isa = PBXVariantGroup;
			children = (
				AAFFB83024FD1A440081A2B9 /* Base */,
			);
			name = LaunchScreen.storyboard;
			sourceTree = "<group>";
		};
/* End PBXVariantGroup section */

/* Begin XCBuildConfiguration section */
		AAFFB84B24FD1A450081A2B9 /* Debug */ = {
			isa = XCBuildConfiguration;
			buildSettings = {
				ALWAYS_SEARCH_USER_PATHS = NO;
				CLANG_ANALYZER_NONNULL = YES;
				CLANG_ANALYZER_NUMBER_OBJECT_CONVERSION = YES_AGGRESSIVE;
				CLANG_CXX_LANGUAGE_STANDARD = "gnu++14";
				CLANG_CXX_LIBRARY = "libc++";
				CLANG_ENABLE_MODULES = YES;
				CLANG_ENABLE_OBJC_ARC = YES;
				CLANG_ENABLE_OBJC_WEAK = YES;
				CLANG_WARN_BLOCK_CAPTURE_AUTORELEASING = YES;
				CLANG_WARN_BOOL_CONVERSION = YES;
				CLANG_WARN_COMMA = YES;
				CLANG_WARN_CONSTANT_CONVERSION = YES;
				CLANG_WARN_DEPRECATED_OBJC_IMPLEMENTATIONS = YES;
				CLANG_WARN_DIRECT_OBJC_ISA_USAGE = YES_ERROR;
				CLANG_WARN_DOCUMENTATION_COMMENTS = YES;
				CLANG_WARN_EMPTY_BODY = YES;
				CLANG_WARN_ENUM_CONVERSION = YES;
				CLANG_WARN_INFINITE_RECURSION = YES;
				CLANG_WARN_INT_CONVERSION = YES;
				CLANG_WARN_NON_LITERAL_NULL_CONVERSION = YES;
				CLANG_WARN_OBJC_IMPLICIT_RETAIN_SELF = YES;
				CLANG_WARN_OBJC_LITERAL_CONVERSION = YES;
				CLANG_WARN_OBJC_ROOT_CLASS = YES_ERROR;
				CLANG_WARN_RANGE_LOOP_ANALYSIS = YES;
				CLANG_WARN_STRICT_PROTOTYPES = YES;
				CLANG_WARN_SUSPICIOUS_MOVE = YES;
				CLANG_WARN_UNGUARDED_AVAILABILITY = YES_AGGRESSIVE;
				CLANG_WARN_UNREACHABLE_CODE = YES;
				CLANG_WARN__DUPLICATE_METHOD_MATCH = YES;
				COPY_PHASE_STRIP = NO;
				DEBUG_INFORMATION_FORMAT = dwarf;
				ENABLE_STRICT_OBJC_MSGSEND = YES;
				ENABLE_TESTABILITY = YES;
				GCC_C_LANGUAGE_STANDARD = gnu11;
				GCC_DYNAMIC_NO_PIC = NO;
				GCC_NO_COMMON_BLOCKS = YES;
				GCC_OPTIMIZATION_LEVEL = 0;
				GCC_PREPROCESSOR_DEFINITIONS = (
					"DEBUG=1",
					"$(inherited)",
				);
				GCC_WARN_64_TO_32_BIT_CONVERSION = YES;
				GCC_WARN_ABOUT_RETURN_TYPE = YES_ERROR;
				GCC_WARN_UNDECLARED_SELECTOR = YES;
				GCC_WARN_UNINITIALIZED_AUTOS = YES_AGGRESSIVE;
				GCC_WARN_UNUSED_FUNCTION = YES;
				GCC_WARN_UNUSED_VARIABLE = YES;
				IPHONEOS_DEPLOYMENT_TARGET = 9.2;
				MTL_ENABLE_DEBUG_INFO = INCLUDE_SOURCE;
				MTL_FAST_MATH = YES;
				ONLY_ACTIVE_ARCH = YES;
				SDKROOT = iphoneos;
			};
			name = Debug;
		};
		AAFFB84C24FD1A450081A2B9 /* Release */ = {
			isa = XCBuildConfiguration;
			buildSettings = {
				ALWAYS_SEARCH_USER_PATHS = NO;
				CLANG_ANALYZER_NONNULL = YES;
				CLANG_ANALYZER_NUMBER_OBJECT_CONVERSION = YES_AGGRESSIVE;
				CLANG_CXX_LANGUAGE_STANDARD = "gnu++14";
				CLANG_CXX_LIBRARY = "libc++";
				CLANG_ENABLE_MODULES = YES;
				CLANG_ENABLE_OBJC_ARC = YES;
				CLANG_ENABLE_OBJC_WEAK = YES;
				CLANG_WARN_BLOCK_CAPTURE_AUTORELEASING = YES;
				CLANG_WARN_BOOL_CONVERSION = YES;
				CLANG_WARN_COMMA = YES;
				CLANG_WARN_CONSTANT_CONVERSION = YES;
				CLANG_WARN_DEPRECATED_OBJC_IMPLEMENTATIONS = YES;
				CLANG_WARN_DIRECT_OBJC_ISA_USAGE = YES_ERROR;
				CLANG_WARN_DOCUMENTATION_COMMENTS = YES;
				CLANG_WARN_EMPTY_BODY = YES;
				CLANG_WARN_ENUM_CONVERSION = YES;
				CLANG_WARN_INFINITE_RECURSION = YES;
				CLANG_WARN_INT_CONVERSION = YES;
				CLANG_WARN_NON_LITERAL_NULL_CONVERSION = YES;
				CLANG_WARN_OBJC_IMPLICIT_RETAIN_SELF = YES;
				CLANG_WARN_OBJC_LITERAL_CONVERSION = YES;
				CLANG_WARN_OBJC_ROOT_CLASS = YES_ERROR;
				CLANG_WARN_RANGE_LOOP_ANALYSIS = YES;
				CLANG_WARN_STRICT_PROTOTYPES = YES;
				CLANG_WARN_SUSPICIOUS_MOVE = YES;
				CLANG_WARN_UNGUARDED_AVAILABILITY = YES_AGGRESSIVE;
				CLANG_WARN_UNREACHABLE_CODE = YES;
				CLANG_WARN__DUPLICATE_METHOD_MATCH = YES;
				COPY_PHASE_STRIP = NO;
				DEBUG_INFORMATION_FORMAT = "dwarf-with-dsym";
				ENABLE_NS_ASSERTIONS = NO;
				ENABLE_STRICT_OBJC_MSGSEND = YES;
				GCC_C_LANGUAGE_STANDARD = gnu11;
				GCC_NO_COMMON_BLOCKS = YES;
				GCC_WARN_64_TO_32_BIT_CONVERSION = YES;
				GCC_WARN_ABOUT_RETURN_TYPE = YES_ERROR;
				GCC_WARN_UNDECLARED_SELECTOR = YES;
				GCC_WARN_UNINITIALIZED_AUTOS = YES_AGGRESSIVE;
				GCC_WARN_UNUSED_FUNCTION = YES;
				GCC_WARN_UNUSED_VARIABLE = YES;
				IPHONEOS_DEPLOYMENT_TARGET = 9.2;
				MTL_ENABLE_DEBUG_INFO = NO;
				MTL_FAST_MATH = YES;
				SDKROOT = iphoneos;
				VALIDATE_PRODUCT = YES;
			};
			name = Release;
		};
		AAFFB84E24FD1A450081A2B9 /* Debug */ = {
			isa = XCBuildConfiguration;
			baseConfigurationReference = D457D1E4103795225FF01416 /* Pods-DKPlayer.debug.xcconfig */;
			buildSettings = {
				ASSETCATALOG_COMPILER_APPICON_NAME = AppIcon;
				CODE_SIGN_STYLE = Automatic;
				DEVELOPMENT_TEAM = MTGQCB5B3L;
				INFOPLIST_FILE = DKPlayer/Info.plist;
				LD_RUNPATH_SEARCH_PATHS = (
					"$(inherited)",
					"@executable_path/Frameworks",
				);
				LIBRARY_SEARCH_PATHS = (
					"$(inherited)",
					"$(PROJECT_DIR)/DKPlayer/SDK/FFmpge/lib",
				);
				PRODUCT_BUNDLE_IDENTIFIER = demo;
				PRODUCT_NAME = "$(TARGET_NAME)";
				TARGETED_DEVICE_FAMILY = "1,2";
			};
			name = Debug;
		};
		AAFFB84F24FD1A450081A2B9 /* Release */ = {
			isa = XCBuildConfiguration;
			baseConfigurationReference = D61AF44873D316775FE07579 /* Pods-DKPlayer.release.xcconfig */;
			buildSettings = {
				ASSETCATALOG_COMPILER_APPICON_NAME = AppIcon;
				CODE_SIGN_STYLE = Automatic;
				DEVELOPMENT_TEAM = MTGQCB5B3L;
				INFOPLIST_FILE = DKPlayer/Info.plist;
				LD_RUNPATH_SEARCH_PATHS = (
					"$(inherited)",
					"@executable_path/Frameworks",
				);
				LIBRARY_SEARCH_PATHS = (
					"$(inherited)",
					"$(PROJECT_DIR)/DKPlayer/SDK/FFmpge/lib",
				);
				PRODUCT_BUNDLE_IDENTIFIER = demo;
				PRODUCT_NAME = "$(TARGET_NAME)";
				TARGETED_DEVICE_FAMILY = "1,2";
			};
			name = Release;
		};
		AAFFB85124FD1A450081A2B9 /* Debug */ = {
			isa = XCBuildConfiguration;
			buildSettings = {
				BUNDLE_LOADER = "$(TEST_HOST)";
				CODE_SIGN_STYLE = Automatic;
				DEVELOPMENT_TEAM = 7ERAKV8NJ5;
				INFOPLIST_FILE = DKPlayerTests/Info.plist;
				IPHONEOS_DEPLOYMENT_TARGET = 13.4;
				LD_RUNPATH_SEARCH_PATHS = (
					"$(inherited)",
					"@executable_path/Frameworks",
					"@loader_path/Frameworks",
				);
				PRODUCT_BUNDLE_IDENTIFIER = temp.DKPlayerTests;
				PRODUCT_NAME = "$(TARGET_NAME)";
				TARGETED_DEVICE_FAMILY = "1,2";
				TEST_HOST = "$(BUILT_PRODUCTS_DIR)/DKPlayer.app/DKPlayer";
			};
			name = Debug;
		};
		AAFFB85224FD1A450081A2B9 /* Release */ = {
			isa = XCBuildConfiguration;
			buildSettings = {
				BUNDLE_LOADER = "$(TEST_HOST)";
				CODE_SIGN_STYLE = Automatic;
				DEVELOPMENT_TEAM = 7ERAKV8NJ5;
				INFOPLIST_FILE = DKPlayerTests/Info.plist;
				IPHONEOS_DEPLOYMENT_TARGET = 13.4;
				LD_RUNPATH_SEARCH_PATHS = (
					"$(inherited)",
					"@executable_path/Frameworks",
					"@loader_path/Frameworks",
				);
				PRODUCT_BUNDLE_IDENTIFIER = temp.DKPlayerTests;
				PRODUCT_NAME = "$(TARGET_NAME)";
				TARGETED_DEVICE_FAMILY = "1,2";
				TEST_HOST = "$(BUILT_PRODUCTS_DIR)/DKPlayer.app/DKPlayer";
			};
			name = Release;
		};
		AAFFB85424FD1A450081A2B9 /* Debug */ = {
			isa = XCBuildConfiguration;
			buildSettings = {
				CODE_SIGN_STYLE = Automatic;
				DEVELOPMENT_TEAM = 7ERAKV8NJ5;
				INFOPLIST_FILE = DKPlayerUITests/Info.plist;
				LD_RUNPATH_SEARCH_PATHS = (
					"$(inherited)",
					"@executable_path/Frameworks",
					"@loader_path/Frameworks",
				);
				PRODUCT_BUNDLE_IDENTIFIER = temp.DKPlayerUITests;
				PRODUCT_NAME = "$(TARGET_NAME)";
				TARGETED_DEVICE_FAMILY = "1,2";
				TEST_TARGET_NAME = DKPlayer;
			};
			name = Debug;
		};
		AAFFB85524FD1A450081A2B9 /* Release */ = {
			isa = XCBuildConfiguration;
			buildSettings = {
				CODE_SIGN_STYLE = Automatic;
				DEVELOPMENT_TEAM = 7ERAKV8NJ5;
				INFOPLIST_FILE = DKPlayerUITests/Info.plist;
				LD_RUNPATH_SEARCH_PATHS = (
					"$(inherited)",
					"@executable_path/Frameworks",
					"@loader_path/Frameworks",
				);
				PRODUCT_BUNDLE_IDENTIFIER = temp.DKPlayerUITests;
				PRODUCT_NAME = "$(TARGET_NAME)";
				TARGETED_DEVICE_FAMILY = "1,2";
				TEST_TARGET_NAME = DKPlayer;
			};
			name = Release;
		};
/* End XCBuildConfiguration section */

/* Begin XCConfigurationList section */
		AAFFB81924FD1A430081A2B9 /* Build configuration list for PBXProject "DKPlayer" */ = {
			isa = XCConfigurationList;
			buildConfigurations = (
				AAFFB84B24FD1A450081A2B9 /* Debug */,
				AAFFB84C24FD1A450081A2B9 /* Release */,
			);
			defaultConfigurationIsVisible = 0;
			defaultConfigurationName = Release;
		};
		AAFFB84D24FD1A450081A2B9 /* Build configuration list for PBXNativeTarget "DKPlayer" */ = {
			isa = XCConfigurationList;
			buildConfigurations = (
				AAFFB84E24FD1A450081A2B9 /* Debug */,
				AAFFB84F24FD1A450081A2B9 /* Release */,
			);
			defaultConfigurationIsVisible = 0;
			defaultConfigurationName = Release;
		};
		AAFFB85024FD1A450081A2B9 /* Build configuration list for PBXNativeTarget "DKPlayerTests" */ = {
			isa = XCConfigurationList;
			buildConfigurations = (
				AAFFB85124FD1A450081A2B9 /* Debug */,
				AAFFB85224FD1A450081A2B9 /* Release */,
			);
			defaultConfigurationIsVisible = 0;
			defaultConfigurationName = Release;
		};
		AAFFB85324FD1A450081A2B9 /* Build configuration list for PBXNativeTarget "DKPlayerUITests" */ = {
			isa = XCConfigurationList;
			buildConfigurations = (
				AAFFB85424FD1A450081A2B9 /* Debug */,
				AAFFB85524FD1A450081A2B9 /* Release */,
			);
			defaultConfigurationIsVisible = 0;
			defaultConfigurationName = Release;
		};
/* End XCConfigurationList section */
	};
	rootObject = AAFFB81624FD1A430081A2B9 /* Project object */;
}
